<?xml version="1.0" encoding="UTF-8"?>
<CONFIG>
  <ProjectOptions>
    <Version Value="12"/>
    <General>
      <Title Value="REST Dataware Installer"/>
      <UseAppBundle Value="False"/>
      <ResourceType Value="res"/>
      <Icon Value="0"/>
    </General>
    <BuildModes Active="Default">
      <Item Name="Default" Default="True"/>
    </BuildModes>
    <PublishOptions>
      <Version Value="2"/>
    </PublishOptions>
    <RunParams>
      <FormatVersion Value="2"/>
    </RunParams>
    <RequiredPackages>
      <Item>
        <PackageName Value="LCL"/>
      </Item>
    </RequiredPackages>
    <Units>
      <Unit>
        <Filename Value="RESTDWInstaller.lpr"/>
        <IsPartOfProject Value="True"/>
        <UsageCount Value="20"/>
      </Unit>
      <Unit>
        <Filename Value="uRESTDWLazarusWizard.pas"/>
        <IsPartOfProject Value="True"/>
        <UsageCount Value="20"/>
      </Unit>
      <Unit>
        <Filename Value="uRESTDWLazarusInstall.pas"/>
        <IsPartOfProject Value="True"/>
        <UsageCount Value="20"/>
      </Unit>
      <Unit>
        <Filename Value="../Common/uRESTDWInstallerCore.pas"/>
        <IsPartOfProject Value="True"/>
        <IsVisibleTab Value="True"/>
        <TopLine Value="642"/>
        <CursorPos X="11" Y="655"/>
        <UsageCount Value="20"/>
        <Loaded Value="True"/>
      </Unit>
      <Unit>
        <Filename Value="../Common/uRESTDWInstallerConfig.pas"/>
        <IsPartOfProject Value="True"/>
        <UsageCount Value="20"/>
      </Unit>
    </Units>
    <JumpHistory HistoryIndex="-1"/>
  </ProjectOptions>
  <CompilerOptions>
    <Version Value="11"/>
    <Target>
      <Filename Value="../../RESTDWInstallerLazarus"/>
    </Target>
    <SearchPaths>
      <OtherUnitFiles Value="../Common"/>
    </SearchPaths>
    <Linking>
      <Debugging>
        <DebugInfoType Value="dsDwarf3"/>
      </Debugging>
    </Linking>
  </CompilerOptions>
</CONFIG>
