<Project xmlns="http://schemas.microsoft.com/developer/msbuild/2003">
    <PropertyGroup>
        <ProjectGuid>{B82C2A2B-331F-4A69-9776-EF59072F964B}</ProjectGuid>
        <ProjectVersion>18.2</ProjectVersion>
        <FrameworkType>VCL</FrameworkType>
        <MainSource>WindowsDWService.dpr</MainSource>
        <Base>True</Base>
        <Config Condition="'$(Config)'==''">Release</Config>
        <Platform Condition="'$(Platform)'==''">Win32</Platform>
        <TargetedPlatforms>1</TargetedPlatforms>
        <AppType>Application</AppType>
    </PropertyGroup>
    <PropertyGroup Condition="'$(Config)'=='Base' or '$(Base)'!=''">
        <Base>true</Base>
    </PropertyGroup>
    <PropertyGroup Condition="('$(Platform)'=='Win32' and '$(Base)'=='true') or '$(Base_Win32)'!=''">
        <Base_Win32>true</Base_Win32>
        <CfgParent>Base</CfgParent>
        <Base>true</Base>
    </PropertyGroup>
    <PropertyGroup Condition="('$(Platform)'=='Win64' and '$(Base)'=='true') or '$(Base_Win64)'!=''">
        <Base_Win64>true</Base_Win64>
        <CfgParent>Base</CfgParent>
        <Base>true</Base>
    </PropertyGroup>
    <PropertyGroup Condition="'$(Config)'=='Debug' or '$(Cfg_1)'!=''">
        <Cfg_1>true</Cfg_1>
        <CfgParent>Base</CfgParent>
        <Base>true</Base>
    </PropertyGroup>
    <PropertyGroup Condition="('$(Platform)'=='Win32' and '$(Cfg_1)'=='true') or '$(Cfg_1_Win32)'!=''">
        <Cfg_1_Win32>true</Cfg_1_Win32>
        <CfgParent>Cfg_1</CfgParent>
        <Cfg_1>true</Cfg_1>
        <Base>true</Base>
    </PropertyGroup>
    <PropertyGroup Condition="'$(Config)'=='Release' or '$(Cfg_2)'!=''">
        <Cfg_2>true</Cfg_2>
        <CfgParent>Base</CfgParent>
        <Base>true</Base>
    </PropertyGroup>
    <PropertyGroup Condition="('$(Platform)'=='Win32' and '$(Cfg_2)'=='true') or '$(Cfg_2_Win32)'!=''">
        <Cfg_2_Win32>true</Cfg_2_Win32>
        <CfgParent>Cfg_2</CfgParent>
        <Cfg_2>true</Cfg_2>
        <Base>true</Base>
    </PropertyGroup>
    <PropertyGroup Condition="'$(Base)'!=''">
        <SanitizedProjectName>WindowsDWService</SanitizedProjectName>
        <PostBuildEvent><![CDATA[if exist "$(BDS)\ObjRepos\en\dsrest\dsPostBuild.bat" ( call "$(BDS)\ObjRepos\en\dsrest\dsPostBuild.bat" "$(PROJECTDIR)" "$(OUTPUTDIR)" )
$(PostBuildEvent)]]></PostBuildEvent>
        <DCC_Namespace>System;Xml;Data;Datasnap;Web;Soap;Vcl;Vcl.Imaging;Vcl.Touch;Vcl.Samples;Vcl.Shell;$(DCC_Namespace)</DCC_Namespace>
        <Icon_MainIcon>$(BDS)\bin\delphi_PROJECTICON.ico</Icon_MainIcon>
        <Icns_MainIcns>$(BDS)\bin\delphi_PROJECTICNS.icns</Icns_MainIcns>
        <DCC_DcuOutput>.\$(Platform)\$(Config)</DCC_DcuOutput>
        <DCC_ExeOutput>.\$(Platform)\$(Config)</DCC_ExeOutput>
        <DCC_E>false</DCC_E>
        <DCC_N>false</DCC_N>
        <DCC_S>false</DCC_S>
        <DCC_F>false</DCC_F>
        <DCC_K>false</DCC_K>
    </PropertyGroup>
    <PropertyGroup Condition="'$(Base_Win32)'!=''">
        <UWP_DelphiLogo44>$(BDS)\bin\Artwork\Windows\UWP\delphi_UwpDefault_44.png</UWP_DelphiLogo44>
        <UWP_DelphiLogo150>$(BDS)\bin\Artwork\Windows\UWP\delphi_UwpDefault_150.png</UWP_DelphiLogo150>
        <AppEnableRuntimeThemes>true</AppEnableRuntimeThemes>
        <DCC_Namespace>Winapi;System.Win;Data.Win;Datasnap.Win;Web.Win;Soap.Win;Xml.Win;Bde;$(DCC_Namespace)</DCC_Namespace>
        <Manifest_File>$(BDS)\bin\default_app.manifest</Manifest_File>
        <DCC_UsePackage>dxPScxSchedulerLnkRS21;JvGlobus;JvMM;cxSchedulerRibbonStyleEventEditorRS21;ACBr_BoletoFR;JvManagedThreads;rbADO1621;cxSchedulerRS21;FireDACPgDriver;ACBr_GNRE;dxSkinOffice2007BlueRS21;JvCrypt;ACBr_NFeDanfeFR;cxTreeListdxBarPopupMenuRS21;dxSkinHighContrastRS21;cxPivotGridRS21;dxSkinSevenRS21;DBXInterBaseDriver;DataSnapServer;DataSnapCommon;dxHttpIndyRequestRS21;ACBr_BlocoX;ACBr_synapse;dxSkinVisualStudio2013DarkRS21;JvNet;dxGaugeControlRS21;JvDotNetCtrls;cxEditorsRS21;DbxCommonDriver;vclimg;dxTileControlRS21;dxPsPrVwAdvRS21;dbxcds;ACBr_Comum;DatasnapConnectorsFreePascal;dxSkinSilverRS21;dxPSdxGaugeControlLnkRS21;dxSkinMoneyTwinsRS21;JvXPCtrls;cxPivotGridOLAPRS21;vcldb;cxTreeListRS21;ACBr_SATExtratoESCPOS;dxdborRS21;dxBarExtItemsRS21;dxWizardControlRS21;dxSkinBlueprintRS21;CustomIPTransport;rbRTL1621;dxSkinOffice2016ColorfulRS21;dsnap;IndyIPServer;ACBr_MDFe;dxSkinOffice2010BlackRS21;IndyCore;dxSkinsdxBarPainterRS21;dxSkinValentineRS21;CloudService;dxSkinDevExpressStyleRS21;FmxTeeUI;FireDACIBDriver;dxSkinCaramelRS21;dxPScxPCProdRS21;ACBr_SAT;dxSkinOffice2013DarkGrayRS21;dxPSRichEditControlLnkRS21;JvDB;dxDockingRS21;JvRuntimeDesign;ACBr_CTeDacteFR;dxLayoutControlRS21;dsnapxml;ACBr_Ponto;JclDeveloperTools;FireDACDb2Driver;ACBR_DeSTDA;dxSkinscxSchedulerPainterRS21;dxPSLnksRS21;dclRBIBE1621;dxPSdxDBOCLnkRS21;dclRBFireDAC1621;dxSkinVS2010RS21;rbCIDE1621;ACBr_SEF2;RtmRxCtl210;cxLibraryRS21;bindcompfmx;ACBr_PAF;cxDataRS21;dxComnRS21;FireDACODBCDriver;RESTBackendComponents;dxSkinBlackRS21;dxSkinDarkSideRS21;rbDBE1621;dbrtl;FireDACCommon;bindcomp;inetdb;JvPluginSystem;dxPScxTLLnkRS21;ACBr_NFe;DBXOdbcDriver;JvCmp;vclFireDAC;JvTimeFramework;xmlrtl;ibxpress;cxExportRS21;rbUSER1621;FireDACCommonDriver;dxSkinOffice2007PinkRS21;dxFlowChartRS21;bindengine;vclactnband;soaprtl;FMXTee;dclRBE1621;dclRBADO1621;bindcompvcl;cxPageControlRS21;dxCoreRS21;Jcl;vclie;rbTCUI1621;dxSkinOffice2007BlackRS21;dxPSCoreRS21;ACBr_TEFD;dxPSdxDBTVLnkRS21;dxPScxCommonRS21;dxADOServerModeRS21;FireDACMSSQLDriver;DBXInformixDriver;dxSkinLilianRS21;Intraweb;dxPSTeeChartRS21;DataSnapServerMidas;dxSkinWhiteprintRS21;dsnapcon;DBXFirebirdDriver;dxNavBarRS21;inet;dxRibbonRS21;dclRBDBE1621;dxSkinsdxNavBarPainterRS21;JvPascalInterpreter;FireDACMySQLDriver;soapmidas;vclx;ACBr_SPEDImportar;dxSkinOffice2013WhiteRS21;dxSkinsCoreRS21;rbRest1621;DBXSybaseASADriver;dxFireDACServerModeRS21;dxSkinSharpPlusRS21;RESTComponents;rbRCL1621;frxcs21;dbexpress;dxSkinSevenClassicRS21;rbDAD1621;IndyIPClient;dxThemeRS21;ACBr_Convenio115;rbDIDE1621;bsfdxe7;FireDACSqliteDriver;dxSkinBlueRS21;FireDACDSDriver;dxDBXServerModeRS21;DBXSqliteDriver;dxSkinsdxDLPainterRS21;dxRichEditControlRS21;fmx;dxSkinMetropolisDarkRS21;ACBr_Diversos;IndySystem;frxe21;TeeDB;tethering;dxSpreadSheetRS21;cxVerticalGridRS21;dxSkinGlassOceansRS21;dxSkinMetropolisRS21;vclib;dxSkinSummer2008RS21;DataSnapClient;ACBr_NFeDanfeESCPOS;dxPScxPivotGridLnkRS21;frx21;JvDlgs;DataSnapProviderClient;dxPSPrVwRibbonRS21;DBXSybaseASEDriver;rbIDE1621;ACBr_MDFeDamdfeFR;cxGridRS21;dxSkinVisualStudio2013BlueRS21;rbDB1621;MetropolisUILiveTile;ACBr_NFSeDanfseFR;vcldsnap;dxSpellCheckerRS21;dxSkinLondonLiquidSkyRS21;dxSkinMcSkinRS21;dxSkinOffice2010SilverRS21;dxSkinOffice2007GreenRS21;fmxFireDAC;DBXDb2Driver;dxSkinFoggyRS21;DBXOracleDriver;JvCore;ACBr_Serial;vclribbon;ACBr_SPED;dxtrmdRS21;rbRAP1621;fmxase;vcl;ACBr_DFeComum;dxBarExtDBItemsRS21;dxGDIPlusRS21;DBXMSSQLDriver;IndyIPCommon;CodeSiteExpressPkg;dxPSDBTeeChartRS21;dxSkinOffice2007SilverRS21;ACBr_Boleto;DataSnapFireDAC;FireDACDBXDriver;ACBr_Sintegra;dxSkinStardustRS21;soapserver;dxPSdxSpreadSheetLnkRS21;JvAppFrm;dxdbtrRS21;inetdbxpress;ACBr_NFSe;FireDACInfxDriver;ACBr_LFD;dxSkinCoffeeRS21;dxPScxGridLnkRS21;ACBr_PCNComum;dxPSdxFCLnkRS21;rbIBE1621;JvDocking;adortl;dxSkinOffice2016DarkRS21;JvWizards;ACBr_TCP;rbBDE1621;FireDACASADriver;dxSkinVisualStudio2013LightRS21;JvHMI;rbTC1621;JvBands;dxTabbedMDIRS21;emsclientfiredac;rbFireDAC1621;rtl;dxPSdxOCLnkRS21;DbxClientDriver;dxorgcRS21;dxPScxExtCommonRS21;dxSkinDarkRoomRS21;Tee;dxPSdxLCLnkRS21;ACBr_GNREGuiaFR;ACBr_CTe;JclContainers;frxDB21;dxMapControlRS21;JvSystem;ACBr_NFCeECFVirtual;DataSnapNativeClient;svnui;JvControls;dxSkinSpringTimeRS21;IndyProtocols;DBXMySQLDriver;cxPivotGridChartRS21;rbRIDE1621;dxSkinOffice2013LightGrayRS21;dxSkinPumpkinRS21;bindcompdbx;TeeUI;fsDB21;JvJans;JvPrintPreview;JvPageComps;fs21;JvStdCtrls;dxmdsRS21;JvCustom;cxSchedulerTreeBrowserRS21;ACBr_OpenSSL;dxSkinDevExpressDarkStyleRS21;FireDACADSDriver;vcltouch;dxSkinSharpRS21;dxSkinscxPCPainterRS21;dxServerModeRS21;emsclient;dxSkinsdxRibbonPainterRS21;VCLRESTComponents;FireDAC;VclSmp;dxBarDBNavRS21;dxSkinTheAsphaltWorldRS21;dxRibbonCustomizationFormRS21;dxSkinXmas2008BlueRS21;DataSnapConnectors;dxSkinLiquidSkyRS21;ACBr_SATECFVirtual;rbUSERDesign1621;ACBr_TXTComum;cxSchedulerGridRS21;fmxobj;JclVcl;dxPScxVGridLnkRS21;svn;dxBarRS21;FireDACOracleDriver;fmxdae;dxSkinOffice2010BlueRS21;FireDACMSAccDriver;DataSnapIndy10ServerTransport;dxSkiniMaginaryRS21;$(DCC_UsePackage)</DCC_UsePackage>
        <VerInfo_IncludeVerInfo>true</VerInfo_IncludeVerInfo>
        <VerInfo_Locale>1033</VerInfo_Locale>
        <VerInfo_Keys>CompanyName=;FileVersion=1.0.0.0;InternalName=;LegalCopyright=;LegalTrademarks=;OriginalFilename=;ProductVersion=1.0.0.0;Comments=;ProgramID=com.embarcadero.$(ModuleName);FileDescription=$(ModuleName);ProductName=$(ModuleName)</VerInfo_Keys>
    </PropertyGroup>
    <PropertyGroup Condition="'$(Base_Win64)'!=''">
        <UWP_DelphiLogo150>$(BDS)\bin\Artwork\Windows\UWP\delphi_UwpDefault_150.png</UWP_DelphiLogo150>
        <UWP_DelphiLogo44>$(BDS)\bin\Artwork\Windows\UWP\delphi_UwpDefault_44.png</UWP_DelphiLogo44>
        <DCC_UsePackage>dxPScxSchedulerLnkRS21;cxSchedulerRibbonStyleEventEditorRS21;cxSchedulerRS21;FireDACPgDriver;dxSkinOffice2007BlueRS21;cxTreeListdxBarPopupMenuRS21;dxSkinHighContrastRS21;cxPivotGridRS21;dxSkinSevenRS21;DBXInterBaseDriver;DataSnapServer;DataSnapCommon;dxHttpIndyRequestRS21;dxSkinVisualStudio2013DarkRS21;dxGaugeControlRS21;cxEditorsRS21;DbxCommonDriver;vclimg;dxTileControlRS21;dxPsPrVwAdvRS21;dbxcds;DatasnapConnectorsFreePascal;dxSkinSilverRS21;dxPSdxGaugeControlLnkRS21;dxSkinMoneyTwinsRS21;cxPivotGridOLAPRS21;vcldb;cxTreeListRS21;dxdborRS21;dxBarExtItemsRS21;dxWizardControlRS21;dxSkinBlueprintRS21;CustomIPTransport;dxSkinOffice2016ColorfulRS21;dsnap;IndyIPServer;dxSkinOffice2010BlackRS21;IndyCore;dxSkinsdxBarPainterRS21;dxSkinValentineRS21;CloudService;dxSkinDevExpressStyleRS21;FmxTeeUI;FireDACIBDriver;dxSkinCaramelRS21;dxPScxPCProdRS21;dxSkinOffice2013DarkGrayRS21;dxPSRichEditControlLnkRS21;dxDockingRS21;dxLayoutControlRS21;dsnapxml;FireDACDb2Driver;dxSkinscxSchedulerPainterRS21;dxPSLnksRS21;dxPSdxDBOCLnkRS21;dxSkinVS2010RS21;cxLibraryRS21;bindcompfmx;cxDataRS21;dxComnRS21;FireDACODBCDriver;RESTBackendComponents;dxSkinBlackRS21;dxSkinDarkSideRS21;dbrtl;FireDACCommon;bindcomp;inetdb;dxPScxTLLnkRS21;DBXOdbcDriver;vclFireDAC;xmlrtl;ibxpress;cxExportRS21;FireDACCommonDriver;dxSkinOffice2007PinkRS21;dxFlowChartRS21;bindengine;vclactnband;soaprtl;FMXTee;bindcompvcl;cxPageControlRS21;dxCoreRS21;vclie;dxSkinOffice2007BlackRS21;dxPSCoreRS21;dxPSdxDBTVLnkRS21;dxPScxCommonRS21;dxADOServerModeRS21;FireDACMSSQLDriver;DBXInformixDriver;dxSkinLilianRS21;Intraweb;dxPSTeeChartRS21;DataSnapServerMidas;dxSkinWhiteprintRS21;dsnapcon;DBXFirebirdDriver;dxNavBarRS21;inet;dxRibbonRS21;dxSkinsdxNavBarPainterRS21;FireDACMySQLDriver;soapmidas;vclx;dxSkinOffice2013WhiteRS21;dxSkinsCoreRS21;DBXSybaseASADriver;dxFireDACServerModeRS21;dxSkinSharpPlusRS21;RESTComponents;dbexpress;dxSkinSevenClassicRS21;IndyIPClient;dxThemeRS21;FireDACSqliteDriver;dxSkinBlueRS21;FireDACDSDriver;dxDBXServerModeRS21;DBXSqliteDriver;dxSkinsdxDLPainterRS21;dxRichEditControlRS21;fmx;dxSkinMetropolisDarkRS21;IndySystem;TeeDB;tethering;dxSpreadSheetRS21;cxVerticalGridRS21;dxSkinGlassOceansRS21;dxSkinMetropolisRS21;vclib;dxSkinSummer2008RS21;DataSnapClient;dxPScxPivotGridLnkRS21;DataSnapProviderClient;dxPSPrVwRibbonRS21;DBXSybaseASEDriver;cxGridRS21;dxSkinVisualStudio2013BlueRS21;MetropolisUILiveTile;vcldsnap;dxSpellCheckerRS21;dxSkinLondonLiquidSkyRS21;dxSkinMcSkinRS21;dxSkinOffice2010SilverRS21;dxSkinOffice2007GreenRS21;fmxFireDAC;DBXDb2Driver;dxSkinFoggyRS21;DBXOracleDriver;vclribbon;dxtrmdRS21;fmxase;vcl;dxBarExtDBItemsRS21;dxGDIPlusRS21;DBXMSSQLDriver;IndyIPCommon;dxPSDBTeeChartRS21;dxSkinOffice2007SilverRS21;DataSnapFireDAC;FireDACDBXDriver;dxSkinStardustRS21;soapserver;dxPSdxSpreadSheetLnkRS21;dxdbtrRS21;inetdbxpress;FireDACInfxDriver;dxSkinCoffeeRS21;dxPScxGridLnkRS21;dxPSdxFCLnkRS21;adortl;dxSkinOffice2016DarkRS21;FireDACASADriver;dxSkinVisualStudio2013LightRS21;dxTabbedMDIRS21;emsclientfiredac;rtl;dxPSdxOCLnkRS21;DbxClientDriver;dxorgcRS21;dxPScxExtCommonRS21;dxSkinDarkRoomRS21;Tee;dxPSdxLCLnkRS21;dxMapControlRS21;DataSnapNativeClient;dxSkinSpringTimeRS21;IndyProtocols;DBXMySQLDriver;cxPivotGridChartRS21;dxSkinOffice2013LightGrayRS21;dxSkinPumpkinRS21;bindcompdbx;TeeUI;dxmdsRS21;cxSchedulerTreeBrowserRS21;dxSkinDevExpressDarkStyleRS21;FireDACADSDriver;vcltouch;dxSkinSharpRS21;dxSkinscxPCPainterRS21;dxServerModeRS21;emsclient;dxSkinsdxRibbonPainterRS21;VCLRESTComponents;FireDAC;VclSmp;dxBarDBNavRS21;dxSkinTheAsphaltWorldRS21;dxRibbonCustomizationFormRS21;dxSkinXmas2008BlueRS21;DataSnapConnectors;dxSkinLiquidSkyRS21;cxSchedulerGridRS21;fmxobj;dxPScxVGridLnkRS21;dxBarRS21;FireDACOracleDriver;fmxdae;dxSkinOffice2010BlueRS21;FireDACMSAccDriver;DataSnapIndy10ServerTransport;dxSkiniMaginaryRS21;$(DCC_UsePackage)</DCC_UsePackage>
    </PropertyGroup>
    <PropertyGroup Condition="'$(Cfg_1)'!=''">
        <DCC_Define>DEBUG;$(DCC_Define)</DCC_Define>
        <DCC_DebugDCUs>true</DCC_DebugDCUs>
        <DCC_Optimize>false</DCC_Optimize>
        <DCC_GenerateStackFrames>true</DCC_GenerateStackFrames>
        <DCC_DebugInfoInExe>true</DCC_DebugInfoInExe>
        <DCC_RemoteDebug>true</DCC_RemoteDebug>
    </PropertyGroup>
    <PropertyGroup Condition="'$(Cfg_1_Win32)'!=''">
        <AppEnableRuntimeThemes>true</AppEnableRuntimeThemes>
        <BT_BuildType>Debug</BT_BuildType>
        <VerInfo_AutoIncVersion>true</VerInfo_AutoIncVersion>
        <VerInfo_Keys>CompanyName=XyberPower;FileDescription=REST Dataware Windows Service;FileVersion=1.1.1.4;InternalName=REST Dataware Windows Service;LegalCopyright=XyberPower;LegalTrademarks=XyberPower;OriginalFilename=REST Dataware Windows Service;ProductName=REST Dataware Windows Service;ProductVersion=1.0.0.0;Comments=REST Dataware Windows Service;ProgramID=com.embarcadero.$(MSBuildProjectName)</VerInfo_Keys>
        <Icon_MainIcon>ServidorREST_Icon.ico</Icon_MainIcon>
        <VerInfo_Build>4</VerInfo_Build>
        <VerInfo_Release>1</VerInfo_Release>
        <VerInfo_MinorVer>1</VerInfo_MinorVer>
        <DCC_ExeOutput>EXE</DCC_ExeOutput>
        <VerInfo_Locale>1046</VerInfo_Locale>
        <VerInfo_IncludeVerInfo>true</VerInfo_IncludeVerInfo>
        <DCC_DcuOutput>DCU</DCC_DcuOutput>
        <DCC_BplOutput>packge</DCC_BplOutput>
        <DCC_RemoteDebug>false</DCC_RemoteDebug>
    </PropertyGroup>
    <PropertyGroup Condition="'$(Cfg_2)'!=''">
        <DCC_LocalDebugSymbols>false</DCC_LocalDebugSymbols>
        <DCC_Define>RELEASE;$(DCC_Define)</DCC_Define>
        <DCC_SymbolReferenceInfo>0</DCC_SymbolReferenceInfo>
        <DCC_DebugInformation>0</DCC_DebugInformation>
    </PropertyGroup>
    <PropertyGroup Condition="'$(Cfg_2_Win32)'!=''">
        <BT_BuildType>Debug</BT_BuildType>
    </PropertyGroup>
    <ItemGroup>
        <DelphiCompile Include="$(MainSource)">
            <MainSource>MainSource</MainSource>
        </DelphiCompile>
        <DCCReference Include="Server.Containner.pas">
            <Form>RESTDWServer</Form>
            <DesignClass>TService</DesignClass>
        </DCCReference>
        <DCCReference Include="ServerMethodsUnit1.pas">
            <Form>ServerMethods1</Form>
            <DesignClass>TDataModule</DesignClass>
        </DCCReference>
        <DCCReference Include="uConsts.pas"/>
        <None Include="ModelSupport_WindowsDWService\default.txaPackage"/>
        <None Include="ModelSupport_WindowsDWService\default.txvpck"/>
        <None Include="ModelSupport_WindowsDWService\WindowsDWService\default.txvpck"/>
        <None Include="ModelSupport_WindowsDWService\ServerMethods1Unit\default.txvpck"/>
        <None Include="ModelSupport_WindowsDWService\Server\default.txvpck"/>
        <None Include="ModelSupport_WindowsDWService\Server\Containner\default.txvpck"/>
        <None Include="ModelSupport_WindowsDWService\uConsts\default.txvpck"/>
        <None Include="ModelSupport_WindowsDWService\Server\Containner\default.txaPackage"/>
        <None Include="ModelSupport_WindowsDWService\ServerMethods1Unit\default.txaPackage"/>
        <None Include="ModelSupport_WindowsDWService\Server\default.txaPackage"/>
        <None Include="ModelSupport_WindowsDWService\uConsts\default.txaPackage"/>
        <None Include="ModelSupport_WindowsDWService\WindowsDWService\default.txaPackage"/>
        <BuildConfiguration Include="Release">
            <Key>Cfg_2</Key>
            <CfgParent>Base</CfgParent>
        </BuildConfiguration>
        <BuildConfiguration Include="Base">
            <Key>Base</Key>
        </BuildConfiguration>
        <BuildConfiguration Include="Debug">
            <Key>Cfg_1</Key>
            <CfgParent>Base</CfgParent>
        </BuildConfiguration>
    </ItemGroup>
    <ProjectExtensions>
        <Borland.Personality>Delphi.Personality.12</Borland.Personality>
        <Borland.ProjectType>Console</Borland.ProjectType>
        <BorlandProject>
            <Delphi.Personality>
                <Source>
                    <Source Name="MainSource">WindowsDWService.dpr</Source>
                </Source>
                <Excluded_Packages>
                    <Excluded_Packages Name="$(BDSBIN)\dclIntraweb_140_240.bpl">File c:\program files (x86)\embarcadero\studio\18.0\bin\dclIntraweb_140_240.bpl not found</Excluded_Packages>
                    <Excluded_Packages Name="$(BDSBIN)\bcboffice2k240.bpl">Embarcadero C++Builder Office 2000 Servers Package</Excluded_Packages>
                    <Excluded_Packages Name="$(BDSBIN)\bcbofficexp240.bpl">Embarcadero C++Builder Office XP Servers Package</Excluded_Packages>
                    <Excluded_Packages Name="$(BDSBIN)\dcloffice2k240.bpl">Microsoft Office 2000 Sample Automation Server Wrapper Components</Excluded_Packages>
                    <Excluded_Packages Name="$(BDSBIN)\dclofficexp240.bpl">Microsoft Office XP Sample Automation Server Wrapper Components</Excluded_Packages>
                    <Excluded_Packages Name="$(BDSBIN)\dfmxinfopower240.bpl">Woll2Woll FirePower 7.0 Components</Excluded_Packages>
                </Excluded_Packages>
            </Delphi.Personality>
            <Deployment Version="3">
                <DeployFile LocalName="ModelSupport_WindowsDWService\Server\Containner\default.txaPackage" Configuration="Release" Class="ProjectFile">
                    <Platform Name="Win32">
                        <RemoteDir>.\</RemoteDir>
                        <Overwrite>true</Overwrite>
                    </Platform>
                </DeployFile>
                <DeployFile LocalName="ModelSupport_WindowsDWService\default.txvpck" Configuration="Release" Class="ProjectFile">
                    <Platform Name="Win32">
                        <RemoteDir>.\</RemoteDir>
                        <Overwrite>true</Overwrite>
                    </Platform>
                </DeployFile>
                <DeployFile LocalName="Win32\Release\WindowsDWService.exe" Configuration="Release" Class="ProjectOutput">
                    <Platform Name="Win32">
                        <RemoteName>WindowsDWService.exe</RemoteName>
                        <Overwrite>true</Overwrite>
                    </Platform>
                </DeployFile>
                <DeployFile LocalName="ModelSupport_WindowsDWService\Server\Containner\default.txvpck" Configuration="Release" Class="ProjectFile">
                    <Platform Name="Win32">
                        <RemoteDir>.\</RemoteDir>
                        <Overwrite>true</Overwrite>
                    </Platform>
                </DeployFile>
                <DeployFile LocalName="EXE\WindowsDWService.exe" Configuration="Debug" Class="ProjectOutput">
                    <Platform Name="Win32">
                        <RemoteName>WindowsDWService.exe</RemoteName>
                        <Overwrite>true</Overwrite>
                    </Platform>
                </DeployFile>
                <DeployFile LocalName="ModelSupport_WindowsDWService\uConsts\default.txvpck" Configuration="Release" Class="ProjectFile">
                    <Platform Name="Win32">
                        <RemoteDir>.\</RemoteDir>
                        <Overwrite>true</Overwrite>
                    </Platform>
                </DeployFile>
                <DeployFile LocalName="ModelSupport_ServidorREST\default.txaPackage" Configuration="Debug" Class="ProjectFile">
                    <Platform Name="Win32">
                        <RemoteDir>.\</RemoteDir>
                        <Overwrite>true</Overwrite>
                    </Platform>
                </DeployFile>
                <DeployFile LocalName="ModelSupport_WindowsDWService\Server\default.txaPackage" Configuration="Release" Class="ProjectFile">
                    <Platform Name="Win32">
                        <RemoteDir>.\</RemoteDir>
                        <Overwrite>true</Overwrite>
                    </Platform>
                </DeployFile>
                <DeployFile LocalName="ModelSupport_WindowsDWService\default.txaPackage" Configuration="Release" Class="ProjectFile">
                    <Platform Name="Win32">
                        <RemoteDir>.\</RemoteDir>
                        <Overwrite>true</Overwrite>
                    </Platform>
                </DeployFile>
                <DeployFile LocalName="ModelSupport_WindowsDWService\uConsts\default.txaPackage" Configuration="Release" Class="ProjectFile">
                    <Platform Name="Win32">
                        <RemoteDir>.\</RemoteDir>
                        <Overwrite>true</Overwrite>
                    </Platform>
                </DeployFile>
                <DeployFile LocalName="ModelSupport_WindowsDWService\Server\default.txvpck" Configuration="Release" Class="ProjectFile">
                    <Platform Name="Win32">
                        <RemoteDir>.\</RemoteDir>
                        <Overwrite>true</Overwrite>
                    </Platform>
                </DeployFile>
                <DeployFile LocalName="ModelSupport_WindowsDWService\WindowsDWService\default.txvpck" Configuration="Release" Class="ProjectFile">
                    <Platform Name="Win32">
                        <RemoteDir>.\</RemoteDir>
                        <Overwrite>true</Overwrite>
                    </Platform>
                </DeployFile>
                <DeployFile LocalName="ModelSupport_WindowsDWService\ServerMethods1Unit\default.txvpck" Configuration="Release" Class="ProjectFile">
                    <Platform Name="Win32">
                        <RemoteDir>.\</RemoteDir>
                        <Overwrite>true</Overwrite>
                    </Platform>
                </DeployFile>
                <DeployFile LocalName="ModelSupport_WindowsDWService\ServerMethods1Unit\default.txaPackage" Configuration="Release" Class="ProjectFile">
                    <Platform Name="Win32">
                        <RemoteDir>.\</RemoteDir>
                        <Overwrite>true</Overwrite>
                    </Platform>
                </DeployFile>
                <DeployFile LocalName="ModelSupport_WindowsDWService\WindowsDWService\default.txaPackage" Configuration="Release" Class="ProjectFile">
                    <Platform Name="Win32">
                        <RemoteDir>.\</RemoteDir>
                        <Overwrite>true</Overwrite>
                    </Platform>
                </DeployFile>
                <DeployClass Name="ProjectiOSDeviceResourceRules"/>
                <DeployClass Name="ProjectOSXResource">
                    <Platform Name="OSX32">
                        <RemoteDir>Contents\Resources</RemoteDir>
                        <Operation>1</Operation>
                    </Platform>
                </DeployClass>
                <DeployClass Name="AndroidClassesDexFile">
                    <Platform Name="Android">
                        <RemoteDir>classes</RemoteDir>
                        <Operation>1</Operation>
                    </Platform>
                </DeployClass>
                <DeployClass Name="Android_LauncherIcon144">
                    <Platform Name="Android">
                        <RemoteDir>res\drawable-xxhdpi</RemoteDir>
                        <Operation>1</Operation>
                    </Platform>
                </DeployClass>
                <DeployClass Name="AdditionalDebugSymbols">
                    <Platform Name="Win32">
                        <RemoteDir>Contents\MacOS</RemoteDir>
                        <Operation>0</Operation>
                    </Platform>
                    <Platform Name="OSX32">
                        <Operation>1</Operation>
                    </Platform>
                </DeployClass>
                <DeployClass Name="AndroidLibnativeMipsFile">
                    <Platform Name="Android">
                        <RemoteDir>library\lib\mips</RemoteDir>
                        <Operation>1</Operation>
                    </Platform>
                </DeployClass>
                <DeployClass Name="iPad_Launch768">
                    <Platform Name="iOSSimulator">
                        <Operation>1</Operation>
                    </Platform>
                    <Platform Name="iOSDevice64">
                        <Operation>1</Operation>
                    </Platform>
                    <Platform Name="iOSDevice32">
                        <Operation>1</Operation>
                    </Platform>
                </DeployClass>
                <DeployClass Required="true" Name="ProjectOutput">
                    <Platform Name="iOSDevice64">
                        <Operation>1</Operation>
                    </Platform>
                    <Platform Name="iOSDevice32">
                        <Operation>1</Operation>
                    </Platform>
                    <Platform Name="Win32">
                        <Operation>0</Operation>
                    </Platform>
                    <Platform Name="Linux64">
                        <Operation>1</Operation>
                    </Platform>
                    <Platform Name="OSX32">
                        <Operation>1</Operation>
                    </Platform>
                    <Platform Name="Android">
                        <RemoteDir>library\lib\armeabi-v7a</RemoteDir>
                        <Operation>1</Operation>
                    </Platform>
                    <Platform Name="iOSSimulator">
                        <Operation>1</Operation>
                    </Platform>
                </DeployClass>
                <DeployClass Name="DependencyFramework">
                    <Platform Name="Win32">
                        <Operation>0</Operation>
                    </Platform>
                    <Platform Name="OSX32">
                        <Operation>1</Operation>
                        <Extensions>.framework</Extensions>
                    </Platform>
                </DeployClass>
                <DeployClass Name="ProjectUWPManifest">
                    <Platform Name="Win32">
                        <Operation>1</Operation>
                    </Platform>
                    <Platform Name="Win64">
                        <Operation>1</Operation>
                    </Platform>
                </DeployClass>
                <DeployClass Name="iPhone_Launch640">
                    <Platform Name="iOSSimulator">
                        <Operation>1</Operation>
                    </Platform>
                    <Platform Name="iOSDevice64">
                        <Operation>1</Operation>
                    </Platform>
                    <Platform Name="iOSDevice32">
                        <Operation>1</Operation>
                    </Platform>
                </DeployClass>
                <DeployClass Name="AndroidLibnativeX86File"/>
                <DeployClass Name="ProjectiOSDeviceDebug">
                    <Platform Name="iOSDevice64">
                        <RemoteDir>..\$(PROJECTNAME).app.dSYM\Contents\Resources\DWARF</RemoteDir>
                        <Operation>1</Operation>
                    </Platform>
                    <Platform Name="iOSDevice32">
                        <RemoteDir>..\$(PROJECTNAME).app.dSYM\Contents\Resources\DWARF</RemoteDir>
                        <Operation>1</Operation>
                    </Platform>
                </DeployClass>
                <DeployClass Name="iPad_Launch1024">
                    <Platform Name="iOSSimulator">
                        <Operation>1</Operation>
                    </Platform>
                    <Platform Name="iOSDevice64">
                        <Operation>1</Operation>
                    </Platform>
                    <Platform Name="iOSDevice32">
                        <Operation>1</Operation>
                    </Platform>
                </DeployClass>
                <DeployClass Name="iPhone_Launch320">
                    <Platform Name="iOSSimulator">
                        <Operation>1</Operation>
                    </Platform>
                    <Platform Name="iOSDevice64">
                        <Operation>1</Operation>
                    </Platform>
                    <Platform Name="iOSDevice32">
                        <Operation>1</Operation>
                    </Platform>
                </DeployClass>
                <DeployClass Name="ProjectiOSInfoPList"/>
                <DeployClass Name="AndroidLibnativeArmeabiFile">
                    <Platform Name="Android">
                        <RemoteDir>library\lib\armeabi</RemoteDir>
                        <Operation>1</Operation>
                    </Platform>
                </DeployClass>
                <DeployClass Name="DebugSymbols">
                    <Platform Name="Win32">
                        <Operation>0</Operation>
                    </Platform>
                    <Platform Name="iOSSimulator">
                        <Operation>1</Operation>
                    </Platform>
                    <Platform Name="OSX32">
                        <Operation>1</Operation>
                    </Platform>
                </DeployClass>
                <DeployClass Name="iPad_Launch1536">
                    <Platform Name="iOSSimulator">
                        <Operation>1</Operation>
                    </Platform>
                    <Platform Name="iOSDevice64">
                        <Operation>1</Operation>
                    </Platform>
                    <Platform Name="iOSDevice32">
                        <Operation>1</Operation>
                    </Platform>
                </DeployClass>
                <DeployClass Name="Android_SplashImage470">
                    <Platform Name="Android">
                        <RemoteDir>res\drawable-normal</RemoteDir>
                        <Operation>1</Operation>
                    </Platform>
                </DeployClass>
                <DeployClass Name="Android_LauncherIcon96">
                    <Platform Name="Android">
                        <RemoteDir>res\drawable-xhdpi</RemoteDir>
                        <Operation>1</Operation>
                    </Platform>
                </DeployClass>
                <DeployClass Name="Android_SplashImage640">
                    <Platform Name="Android">
                        <RemoteDir>res\drawable-large</RemoteDir>
                        <Operation>1</Operation>
                    </Platform>
                </DeployClass>
                <DeployClass Name="iPhone_Launch640x1136">
                    <Platform Name="iOSSimulator">
                        <Operation>1</Operation>
                    </Platform>
                    <Platform Name="iOSDevice64">
                        <Operation>1</Operation>
                    </Platform>
                    <Platform Name="iOSDevice32">
                        <Operation>1</Operation>
                    </Platform>
                </DeployClass>
                <DeployClass Name="UWP_DelphiLogo44">
                    <Platform Name="Win32">
                        <RemoteDir>Assets</RemoteDir>
                        <Operation>1</Operation>
                    </Platform>
                    <Platform Name="Win64">
                        <RemoteDir>Assets</RemoteDir>
                        <Operation>1</Operation>
                    </Platform>
                </DeployClass>
                <DeployClass Name="ProjectiOSEntitlements"/>
                <DeployClass Name="AndroidGDBServer">
                    <Platform Name="Android">
                        <RemoteDir>library\lib\armeabi-v7a</RemoteDir>
                        <Operation>1</Operation>
                    </Platform>
                </DeployClass>
                <DeployClass Name="Android_LauncherIcon72">
                    <Platform Name="Android">
                        <RemoteDir>res\drawable-hdpi</RemoteDir>
                        <Operation>1</Operation>
                    </Platform>
                </DeployClass>
                <DeployClass Name="ProjectOSXInfoPList"/>
                <DeployClass Name="ProjectOSXEntitlements"/>
                <DeployClass Name="UWP_DelphiLogo150">
                    <Platform Name="Win32">
                        <RemoteDir>Assets</RemoteDir>
                        <Operation>1</Operation>
                    </Platform>
                    <Platform Name="Win64">
                        <RemoteDir>Assets</RemoteDir>
                        <Operation>1</Operation>
                    </Platform>
                </DeployClass>
                <DeployClass Name="iPad_Launch2048">
                    <Platform Name="iOSSimulator">
                        <Operation>1</Operation>
                    </Platform>
                    <Platform Name="iOSDevice64">
                        <Operation>1</Operation>
                    </Platform>
                    <Platform Name="iOSDevice32">
                        <Operation>1</Operation>
                    </Platform>
                </DeployClass>
                <DeployClass Name="AndroidSplashStyles">
                    <Platform Name="Android">
                        <RemoteDir>res\values</RemoteDir>
                        <Operation>1</Operation>
                    </Platform>
                </DeployClass>
                <DeployClass Name="Android_SplashImage426">
                    <Platform Name="Android">
                        <RemoteDir>res\drawable-small</RemoteDir>
                        <Operation>1</Operation>
                    </Platform>
                </DeployClass>
                <DeployClass Name="AndroidSplashImageDef">
                    <Platform Name="Android">
                        <RemoteDir>res\drawable</RemoteDir>
                        <Operation>1</Operation>
                    </Platform>
                </DeployClass>
                <DeployClass Name="ProjectiOSResource">
                    <Platform Name="iOSSimulator">
                        <Operation>1</Operation>
                    </Platform>
                    <Platform Name="iOSDevice64">
                        <Operation>1</Operation>
                    </Platform>
                    <Platform Name="iOSDevice32">
                        <Operation>1</Operation>
                    </Platform>
                </DeployClass>
                <DeployClass Name="ProjectAndroidManifest">
                    <Platform Name="Android">
                        <Operation>1</Operation>
                    </Platform>
                </DeployClass>
                <DeployClass Name="Android_DefaultAppIcon">
                    <Platform Name="Android">
                        <RemoteDir>res\drawable</RemoteDir>
                        <Operation>1</Operation>
                    </Platform>
                </DeployClass>
                <DeployClass Name="File">
                    <Platform Name="Win32">
                        <Operation>0</Operation>
                    </Platform>
                    <Platform Name="iOSDevice64">
                        <Operation>0</Operation>
                    </Platform>
                    <Platform Name="OSX32">
                        <Operation>0</Operation>
                    </Platform>
                    <Platform Name="iOSDevice32">
                        <Operation>0</Operation>
                    </Platform>
                    <Platform Name="Android">
                        <Operation>0</Operation>
                    </Platform>
                    <Platform Name="iOSSimulator">
                        <Operation>0</Operation>
                    </Platform>
                </DeployClass>
                <DeployClass Name="AndroidServiceOutput">
                    <Platform Name="Android">
                        <RemoteDir>library\lib\armeabi-v7a</RemoteDir>
                        <Operation>1</Operation>
                    </Platform>
                </DeployClass>
                <DeployClass Required="true" Name="DependencyPackage">
                    <Platform Name="Win32">
                        <Operation>0</Operation>
                        <Extensions>.bpl</Extensions>
                    </Platform>
                    <Platform Name="iOSDevice64">
                        <Operation>1</Operation>
                        <Extensions>.dylib</Extensions>
                    </Platform>
                    <Platform Name="OSX32">
                        <Operation>1</Operation>
                        <Extensions>.dylib</Extensions>
                    </Platform>
                    <Platform Name="iOSDevice32">
                        <Operation>1</Operation>
                        <Extensions>.dylib</Extensions>
                    </Platform>
                    <Platform Name="iOSSimulator">
                        <Operation>1</Operation>
                        <Extensions>.dylib</Extensions>
                    </Platform>
                </DeployClass>
                <DeployClass Name="Android_LauncherIcon48">
                    <Platform Name="Android">
                        <RemoteDir>res\drawable-mdpi</RemoteDir>
                        <Operation>1</Operation>
                    </Platform>
                </DeployClass>
                <DeployClass Name="Android_SplashImage960">
                    <Platform Name="Android">
                        <RemoteDir>res\drawable-xlarge</RemoteDir>
                        <Operation>1</Operation>
                    </Platform>
                </DeployClass>
                <DeployClass Name="Android_LauncherIcon36">
                    <Platform Name="Android">
                        <RemoteDir>res\drawable-ldpi</RemoteDir>
                        <Operation>1</Operation>
                    </Platform>
                </DeployClass>
                <DeployClass Name="DependencyModule">
                    <Platform Name="Win32">
                        <Operation>0</Operation>
                        <Extensions>.dll;.bpl</Extensions>
                    </Platform>
                    <Platform Name="OSX32">
                        <Operation>1</Operation>
                        <Extensions>.dylib</Extensions>
                    </Platform>
                </DeployClass>
                <ProjectRoot Platform="Win64" Name="$(PROJECTNAME)"/>
                <ProjectRoot Platform="iOSDevice64" Name="$(PROJECTNAME).app"/>
                <ProjectRoot Platform="iOSDevice32" Name="$(PROJECTNAME).app"/>
                <ProjectRoot Platform="Win32" Name="$(PROJECTNAME)"/>
                <ProjectRoot Platform="Linux64" Name="$(PROJECTNAME)"/>
                <ProjectRoot Platform="OSX32" Name="$(PROJECTNAME)"/>
                <ProjectRoot Platform="Android" Name="$(PROJECTNAME)"/>
                <ProjectRoot Platform="iOSSimulator" Name="$(PROJECTNAME).app"/>
            </Deployment>
            <Platforms>
                <Platform value="Win32">True</Platform>
                <Platform value="Win64">False</Platform>
            </Platforms>
            <ModelSupport>True</ModelSupport>
        </BorlandProject>
        <ProjectFileVersion>12</ProjectFileVersion>
    </ProjectExtensions>
    <Import Project="$(BDS)\Bin\CodeGear.Delphi.Targets" Condition="Exists('$(BDS)\Bin\CodeGear.Delphi.Targets')"/>
    <Import Project="$(APPDATA)\Embarcadero\$(BDSAPPDATABASEDIR)\$(PRODUCTVERSION)\UserTools.proj" Condition="Exists('$(APPDATA)\Embarcadero\$(BDSAPPDATABASEDIR)\$(PRODUCTVERSION)\UserTools.proj')"/>
    <Import Project="$(MSBuildProjectName).deployproj" Condition="Exists('$(MSBuildProjectName).deployproj')"/>
    <PropertyGroup Condition="'$(Config)'=='Debug' And '$(Platform)'=='Win32'">
        <PreBuildEvent/>
        <PreBuildEventIgnoreExitCode>False</PreBuildEventIgnoreExitCode>
        <PreLinkEvent/>
        <PreLinkEventIgnoreExitCode>False</PreLinkEventIgnoreExitCode>
        <PostBuildEvent>if exist &quot;$(BDS)\ObjRepos\en\dsrest\dsPostBuild.bat&quot; ( call &quot;$(BDS)\ObjRepos\en\dsrest\dsPostBuild.bat&quot; &quot;$(PROJECTDIR)&quot; &quot;$(OUTPUTDIR)&quot; )</PostBuildEvent>
        <PostBuildEventIgnoreExitCode>False</PostBuildEventIgnoreExitCode>
    </PropertyGroup>
    <PropertyGroup Condition="'$(Config)'=='Debug' And '$(Platform)'=='Win64'">
        <PreBuildEvent/>
        <PreBuildEventIgnoreExitCode>False</PreBuildEventIgnoreExitCode>
        <PreLinkEvent/>
        <PreLinkEventIgnoreExitCode>False</PreLinkEventIgnoreExitCode>
        <PostBuildEvent>if exist &quot;$(BDS)\ObjRepos\en\dsrest\dsPostBuild.bat&quot; ( call &quot;$(BDS)\ObjRepos\en\dsrest\dsPostBuild.bat&quot; &quot;$(PROJECTDIR)&quot; &quot;$(OUTPUTDIR)&quot; )</PostBuildEvent>
        <PostBuildEventIgnoreExitCode>False</PostBuildEventIgnoreExitCode>
    </PropertyGroup>
    <PropertyGroup Condition="'$(Config)'=='Release' And '$(Platform)'=='Win32'">
        <PreBuildEvent/>
        <PreBuildEventIgnoreExitCode>False</PreBuildEventIgnoreExitCode>
        <PreLinkEvent/>
        <PreLinkEventIgnoreExitCode>False</PreLinkEventIgnoreExitCode>
        <PostBuildEvent>if exist &quot;$(BDS)\ObjRepos\en\dsrest\dsPostBuild.bat&quot; ( call &quot;$(BDS)\ObjRepos\en\dsrest\dsPostBuild.bat&quot; &quot;$(PROJECTDIR)&quot; &quot;$(OUTPUTDIR)&quot; )</PostBuildEvent>
        <PostBuildEventIgnoreExitCode>False</PostBuildEventIgnoreExitCode>
    </PropertyGroup>
    <PropertyGroup Condition="'$(Config)'=='Release' And '$(Platform)'=='Win64'">
        <PreBuildEvent/>
        <PreBuildEventIgnoreExitCode>False</PreBuildEventIgnoreExitCode>
        <PreLinkEvent/>
        <PreLinkEventIgnoreExitCode>False</PreLinkEventIgnoreExitCode>
        <PostBuildEvent>if exist &quot;$(BDS)\ObjRepos\en\dsrest\dsPostBuild.bat&quot; ( call &quot;$(BDS)\ObjRepos\en\dsrest\dsPostBuild.bat&quot; &quot;$(PROJECTDIR)&quot; &quot;$(OUTPUTDIR)&quot; )</PostBuildEvent>
        <PostBuildEventIgnoreExitCode>False</PostBuildEventIgnoreExitCode>
    </PropertyGroup>
</Project>
