<Project xmlns="http://schemas.microsoft.com/developer/msbuild/2003">
    <PropertyGroup>
        <ProjectGuid>{23928D14-CBAE-442B-9C2F-B5936879C33D}</ProjectGuid>
        <ProjectVersion>18.2</ProjectVersion>
        <FrameworkType>FMX</FrameworkType>
        <MainSource>MobileNotification.dpr</MainSource>
        <Base>True</Base>
        <Config Condition="'$(Config)'==''">Debug</Config>
        <Platform Condition="'$(Platform)'==''">Android</Platform>
        <TargetedPlatforms>1119</TargetedPlatforms>
        <AppType>Application</AppType>
    </PropertyGroup>
    <PropertyGroup Condition="'$(Config)'=='Base' or '$(Base)'!=''">
        <Base>true</Base>
    </PropertyGroup>
    <PropertyGroup Condition="('$(Platform)'=='Android' and '$(Base)'=='true') or '$(Base_Android)'!=''">
        <Base_Android>true</Base_Android>
        <CfgParent>Base</CfgParent>
        <Base>true</Base>
    </PropertyGroup>
    <PropertyGroup Condition="('$(Platform)'=='iOSDevice32' and '$(Base)'=='true') or '$(Base_iOSDevice32)'!=''">
        <Base_iOSDevice32>true</Base_iOSDevice32>
        <CfgParent>Base</CfgParent>
        <Base>true</Base>
    </PropertyGroup>
    <PropertyGroup Condition="('$(Platform)'=='iOSDevice64' and '$(Base)'=='true') or '$(Base_iOSDevice64)'!=''">
        <Base_iOSDevice64>true</Base_iOSDevice64>
        <CfgParent>Base</CfgParent>
        <Base>true</Base>
    </PropertyGroup>
    <PropertyGroup Condition="('$(Platform)'=='iOSSimulator' and '$(Base)'=='true') or '$(Base_iOSSimulator)'!=''">
        <Base_iOSSimulator>true</Base_iOSSimulator>
        <CfgParent>Base</CfgParent>
        <Base>true</Base>
    </PropertyGroup>
    <PropertyGroup Condition="('$(Platform)'=='OSX32' and '$(Base)'=='true') or '$(Base_OSX32)'!=''">
        <Base_OSX32>true</Base_OSX32>
        <CfgParent>Base</CfgParent>
        <Base>true</Base>
    </PropertyGroup>
    <PropertyGroup Condition="('$(Platform)'=='Win32' and '$(Base)'=='true') or '$(Base_Win32)'!=''">
        <Base_Win32>true</Base_Win32>
        <CfgParent>Base</CfgParent>
        <Base>true</Base>
    </PropertyGroup>
    <PropertyGroup Condition="('$(Platform)'=='Win64' and '$(Base)'=='true') or '$(Base_Win64)'!=''">
        <Base_Win64>true</Base_Win64>
        <CfgParent>Base</CfgParent>
        <Base>true</Base>
    </PropertyGroup>
    <PropertyGroup Condition="'$(Config)'=='Debug' or '$(Cfg_1)'!=''">
        <Cfg_1>true</Cfg_1>
        <CfgParent>Base</CfgParent>
        <Base>true</Base>
    </PropertyGroup>
    <PropertyGroup Condition="('$(Platform)'=='Win32' and '$(Cfg_1)'=='true') or '$(Cfg_1_Win32)'!=''">
        <Cfg_1_Win32>true</Cfg_1_Win32>
        <CfgParent>Cfg_1</CfgParent>
        <Cfg_1>true</Cfg_1>
        <Base>true</Base>
    </PropertyGroup>
    <PropertyGroup Condition="('$(Platform)'=='Win64' and '$(Cfg_1)'=='true') or '$(Cfg_1_Win64)'!=''">
        <Cfg_1_Win64>true</Cfg_1_Win64>
        <CfgParent>Cfg_1</CfgParent>
        <Cfg_1>true</Cfg_1>
        <Base>true</Base>
    </PropertyGroup>
    <PropertyGroup Condition="'$(Config)'=='Release' or '$(Cfg_2)'!=''">
        <Cfg_2>true</Cfg_2>
        <CfgParent>Base</CfgParent>
        <Base>true</Base>
    </PropertyGroup>
    <PropertyGroup Condition="('$(Platform)'=='Win32' and '$(Cfg_2)'=='true') or '$(Cfg_2_Win32)'!=''">
        <Cfg_2_Win32>true</Cfg_2_Win32>
        <CfgParent>Cfg_2</CfgParent>
        <Cfg_2>true</Cfg_2>
        <Base>true</Base>
    </PropertyGroup>
    <PropertyGroup Condition="('$(Platform)'=='Win64' and '$(Cfg_2)'=='true') or '$(Cfg_2_Win64)'!=''">
        <Cfg_2_Win64>true</Cfg_2_Win64>
        <CfgParent>Cfg_2</CfgParent>
        <Cfg_2>true</Cfg_2>
        <Base>true</Base>
    </PropertyGroup>
    <PropertyGroup Condition="'$(Base)'!=''">
        <Icon_MainIcon>$(BDS)\bin\delphi_PROJECTICON.ico</Icon_MainIcon>
        <AUP_ACCESS_FINE_LOCATION>true</AUP_ACCESS_FINE_LOCATION>
        <AUP_CALL_PHONE>true</AUP_CALL_PHONE>
        <AUP_ACCESS_COARSE_LOCATION>true</AUP_ACCESS_COARSE_LOCATION>
        <AUP_CAMERA>true</AUP_CAMERA>
        <SanitizedProjectName>MobileNotification</SanitizedProjectName>
        <AUP_INTERNET>true</AUP_INTERNET>
        <AUP_WRITE_EXTERNAL_STORAGE>true</AUP_WRITE_EXTERNAL_STORAGE>
        <DCC_Namespace>System;Xml;Data;Datasnap;Web;Soap;$(DCC_Namespace)</DCC_Namespace>
        <AUP_READ_CALENDAR>true</AUP_READ_CALENDAR>
        <AUP_READ_PHONE_STATE>true</AUP_READ_PHONE_STATE>
        <Icns_MainIcns>$(BDS)\bin\delphi_PROJECTICNS.icns</Icns_MainIcns>
        <AUP_READ_EXTERNAL_STORAGE>true</AUP_READ_EXTERNAL_STORAGE>
        <AUP_WRITE_CALENDAR>true</AUP_WRITE_CALENDAR>
        <DCC_DcuOutput>.\$(Platform)\$(Config)</DCC_DcuOutput>
        <DCC_ExeOutput>.\$(Platform)\$(Config)</DCC_ExeOutput>
        <DCC_E>false</DCC_E>
        <DCC_N>false</DCC_N>
        <DCC_S>false</DCC_S>
        <DCC_F>false</DCC_F>
        <DCC_K>false</DCC_K>
    </PropertyGroup>
    <PropertyGroup Condition="'$(Base_Android)'!=''">
        <VerInfo_IncludeVerInfo>true</VerInfo_IncludeVerInfo>
        <Android_LauncherIcon96>$(BDS)\bin\Artwork\Android\FM_LauncherIcon_96x96.png</Android_LauncherIcon96>
        <EnabledSysJars>android-support-v4.dex.jar;cloud-messaging.dex.jar;fmx.dex.jar;google-analytics-v2.dex.jar;google-play-billing.dex.jar;google-play-licensing.dex.jar;google-play-services.dex.jar</EnabledSysJars>
        <Android_SplashImage426>$(BDS)\bin\Artwork\Android\FM_SplashImage_426x320.png</Android_SplashImage426>
        <Android_LauncherIcon72>$(BDS)\bin\Artwork\Android\FM_LauncherIcon_72x72.png</Android_LauncherIcon72>
        <Android_LauncherIcon36>$(BDS)\bin\Artwork\Android\FM_LauncherIcon_36x36.png</Android_LauncherIcon36>
        <DCC_UsePackage>DBXSqliteDriver;RestEasyObjects;vquery240;TKRBarCodeSannerPkgDXEX5;RestDatawareCORE;tethering;dacfmx240;pgprovider240;FireDACDBXDriver;RESTBackendComponents;bindengine;CloudService;DataSnapClient;AVPackMobile;aseprovider240;bindcompdbx;IndyIPServer;IndySystem;fmxFireDAC;FMXTee;soaprtl;DbxCommonDriver;xmlrtl;soapmidas;DataSnapNativeClient;rtl;DbxClientDriver;SampleListViewMultiDetailAppearancePackage;IndyIPClient;DataSnapProviderClient;RESTComponents;oraprovider240;DBXInterBaseDriver;emsclientfiredac;DataSnapFireDAC;unidacfmx240;bindcompfmx;FmxTeeUI;unidac240;FireDACIBDriver;fmx;dbexpress;IndyCore;dsnap;DataSnapCommon;emsclient;FireDACCommon;fmxinfopower;soapserver;dac240;ibprovider240;dbfprovider240;FireDACCommonDriver;liteprovider240;inet;IndyIPCommon;myprovider240;FireDAC;tdsprovider240;FireDACSqliteDriver;ibmonitor;ibxpress;ibxbindings;FireDACDSDriver;CustomIPTransport;bindcomp;dbxcds;dsnapxml;dbrtl;IndyProtocols;ExtrasPackXyberX;$(DCC_UsePackage)</DCC_UsePackage>
        <Android_SplashImage960>$(BDS)\bin\Artwork\Android\FM_SplashImage_960x720.png</Android_SplashImage960>
        <Android_LauncherIcon48>$(BDS)\bin\Artwork\Android\FM_LauncherIcon_48x48.png</Android_LauncherIcon48>
        <Android_SplashImage640>$(BDS)\bin\Artwork\Android\FM_SplashImage_640x480.png</Android_SplashImage640>
        <BT_BuildType>Debug</BT_BuildType>
        <Android_LauncherIcon144>$(BDS)\bin\Artwork\Android\FM_LauncherIcon_144x144.png</Android_LauncherIcon144>
        <Android_SplashImage470>$(BDS)\bin\Artwork\Android\FM_SplashImage_470x320.png</Android_SplashImage470>
        <VerInfo_Keys>package=com.embarcadero.$(MSBuildProjectName);label=$(MSBuildProjectName);versionCode=1;versionName=1.0.0;persistent=False;restoreAnyVersion=False;installLocation=auto;largeHeap=False;theme=TitleBar;hardwareAccelerated=true;apiKey=</VerInfo_Keys>
    </PropertyGroup>
    <PropertyGroup Condition="'$(Base_iOSDevice32)'!=''">
        <iPad_Setting29>$(BDS)\bin\Artwork\iOS\iPad\FM_SettingIcon_29x29.png</iPad_Setting29>
        <VerInfo_IncludeVerInfo>true</VerInfo_IncludeVerInfo>
        <iPad_Launch1024x768>$(BDS)\bin\Artwork\iOS\iPad\FM_LaunchImageLandscape_1024x768.png</iPad_Launch1024x768>
        <iPhone_AppIcon120>$(BDS)\bin\Artwork\iOS\iPhone\FM_ApplicationIcon_120x120.png</iPhone_AppIcon120>
        <iPhone_AppIcon180>$(BDS)\bin\Artwork\iOS\iPhone\FM_ApplicationIcon_180x180.png</iPhone_AppIcon180>
        <iPad_Launch1536>$(BDS)\bin\Artwork\iOS\iPad\FM_LaunchImagePortrait_1536x2008.png</iPad_Launch1536>
        <iPad_Launch1536x2048>$(BDS)\bin\Artwork\iOS\iPad\FM_LaunchImagePortrait_1536x2048.png</iPad_Launch1536x2048>
        <iPad_Launch2048x1536>$(BDS)\bin\Artwork\iOS\iPad\FM_LaunchImageLandscape_2048x1536.png</iPad_Launch2048x1536>
        <iPhone_Launch640x1136>$(BDS)\bin\Artwork\iOS\iPhone\FM_LaunchImage_640x1136.png</iPhone_Launch640x1136>
        <iPhone_Spotlight40>$(BDS)\bin\Artwork\iOS\iPhone\FM_SpotlightSearchIcon_40x40.png</iPhone_Spotlight40>
        <iPhone_Spotlight29>$(BDS)\bin\Artwork\iOS\iPhone\FM_SpotlightSearchIcon_29x29.png</iPhone_Spotlight29>
        <iPad_AppIcon144>$(BDS)\bin\Artwork\iOS\iPad\FM_ApplicationIcon_144x144.png</iPad_AppIcon144>
        <iPad_SpotLight80>$(BDS)\bin\Artwork\iOS\iPad\FM_SpotlightSearchIcon_80x80.png</iPad_SpotLight80>
        <iPad_SpotLight40>$(BDS)\bin\Artwork\iOS\iPad\FM_SpotlightSearchIcon_40x40.png</iPad_SpotLight40>
        <iPad_SpotLight50>$(BDS)\bin\Artwork\iOS\iPad\FM_SpotlightSearchIcon_50x50.png</iPad_SpotLight50>
        <iPad_Launch768>$(BDS)\bin\Artwork\iOS\iPad\FM_LaunchImagePortrait_768x1004.png</iPad_Launch768>
        <DCC_UsePackage>DBXSqliteDriver;RestEasyObjects;vquery240;RestDatawareCORE;tethering;dacfmx240;pgprovider240;FireDACDBXDriver;RESTBackendComponents;bindengine;CloudService;DataSnapClient;aseprovider240;bindcompdbx;IndyIPServer;IndySystem;fmxFireDAC;FMXTee;soaprtl;DbxCommonDriver;xmlrtl;soapmidas;DataSnapNativeClient;rtl;DbxClientDriver;IndyIPClient;DataSnapProviderClient;RESTComponents;oraprovider240;DBXInterBaseDriver;emsclientfiredac;DataSnapFireDAC;unidacfmx240;bindcompfmx;FmxTeeUI;unidac240;FireDACIBDriver;fmx;dbexpress;IndyCore;dsnap;DataSnapCommon;emsclient;FireDACCommon;fmxinfopower;soapserver;dac240;ibprovider240;dbfprovider240;FireDACCommonDriver;liteprovider240;inet;IndyIPCommon;myprovider240;FireDAC;tdsprovider240;FireDACSqliteDriver;ibmonitor;ibxpress;ibxbindings;FireDACDSDriver;CustomIPTransport;bindcomp;dbxcds;dsnapxml;dbrtl;IndyProtocols;ExtrasPackXyberX;fmxase;$(DCC_UsePackage)</DCC_UsePackage>
        <iPhone_Launch2208>$(BDS)\bin\Artwork\iOS\iPhone\FM_LaunchImage_2208x1242.png</iPhone_Launch2208>
        <iPad_Launch768x1024>$(BDS)\bin\Artwork\iOS\iPad\FM_LaunchImagePortrait_768x1024.png</iPad_Launch768x1024>
        <iPad_Launch2048>$(BDS)\bin\Artwork\iOS\iPad\FM_LaunchImageLandscape_2048x1496.png</iPad_Launch2048>
        <iPad_AppIcon72>$(BDS)\bin\Artwork\iOS\iPad\FM_ApplicationIcon_72x72.png</iPad_AppIcon72>
        <iPad_Launch1024>$(BDS)\bin\Artwork\iOS\iPad\FM_LaunchImageLandscape_1024x748.png</iPad_Launch1024>
        <iPhone_Spotlight80>$(BDS)\bin\Artwork\iOS\iPhone\FM_SpotlightSearchIcon_80x80.png</iPhone_Spotlight80>
        <iPhone_Spotlight58>$(BDS)\bin\Artwork\iOS\iPhone\FM_SpotlightSearchIcon_58x58.png</iPhone_Spotlight58>
        <iPad_SpotLight100>$(BDS)\bin\Artwork\iOS\iPad\FM_SpotlightSearchIcon_100x100.png</iPad_SpotLight100>
        <VerInfo_UIDeviceFamily>iPhoneAndiPad</VerInfo_UIDeviceFamily>
        <iPad_Setting58>$(BDS)\bin\Artwork\iOS\iPad\FM_SettingIcon_58x58.png</iPad_Setting58>
        <iPad_AppIcon152>$(BDS)\bin\Artwork\iOS\iPad\FM_ApplicationIcon_152x152.png</iPad_AppIcon152>
        <VerInfo_BundleId>$(MSBuildProjectName)</VerInfo_BundleId>
        <iPhone_Launch1242>$(BDS)\bin\Artwork\iOS\iPhone\FM_LaunchImage_1242x2208.png</iPhone_Launch1242>
        <iPhone_AppIcon87>$(BDS)\bin\Artwork\iOS\iPhone\FM_ApplicationIcon_87x87.png</iPhone_AppIcon87>
        <iPhone_Launch320>$(BDS)\bin\Artwork\iOS\iPhone\FM_LaunchImage_320x480.png</iPhone_Launch320>
        <iPhone_AppIcon60>$(BDS)\bin\Artwork\iOS\iPhone\FM_ApplicationIcon_60x60.png</iPhone_AppIcon60>
        <iPad_AppIcon76>$(BDS)\bin\Artwork\iOS\iPad\FM_ApplicationIcon_76x76.png</iPad_AppIcon76>
        <iPhone_AppIcon57>$(BDS)\bin\Artwork\iOS\iPhone\FM_ApplicationIcon_57x57.png</iPhone_AppIcon57>
        <VerInfo_Keys>CFBundleName=$(MSBuildProjectName);CFBundleDevelopmentRegion=en;CFBundleDisplayName=$(MSBuildProjectName);CFBundleIdentifier=$(MSBuildProjectName);CFBundleInfoDictionaryVersion=7.1;CFBundleVersion=1.0.0.0;CFBundlePackageType=APPL;CFBundleSignature=????;LSRequiresIPhoneOS=true;CFBundleAllowMixedLocalizations=YES;CFBundleExecutable=$(MSBuildProjectName);UIDeviceFamily=iPhone &amp; iPad;CFBundleResourceSpecification=ResourceRules.plist;NSLocationAlwaysUsageDescription=The reason for accessing the location information of the user;NSLocationWhenInUseUsageDescription=The reason for accessing the location information of the user;FMLocalNotificationPermission=false;UIBackgroundModes=;NSContactsUsageDescription=The reason for accessing the contacts;NSPhotoLibraryUsageDescription=The reason for accessing the photo library;NSCameraUsageDescription=The reason for accessing the camera</VerInfo_Keys>
        <BT_BuildType>Debug</BT_BuildType>
        <iPhone_AppIcon114>$(BDS)\bin\Artwork\iOS\iPhone\FM_ApplicationIcon_114x114.png</iPhone_AppIcon114>
        <iPhone_Launch640>$(BDS)\bin\Artwork\iOS\iPhone\FM_LaunchImage_640x960.png</iPhone_Launch640>
        <iPhone_Launch750>$(BDS)\bin\Artwork\iOS\iPhone\FM_LaunchImage_750x1334.png</iPhone_Launch750>
    </PropertyGroup>
    <PropertyGroup Condition="'$(Base_iOSDevice64)'!=''">
        <iPad_Setting29>$(BDS)\bin\Artwork\iOS\iPad\FM_SettingIcon_29x29.png</iPad_Setting29>
        <VerInfo_IncludeVerInfo>true</VerInfo_IncludeVerInfo>
        <iPad_Launch1024x768>$(BDS)\bin\Artwork\iOS\iPad\FM_LaunchImageLandscape_1024x768.png</iPad_Launch1024x768>
        <iPhone_AppIcon120>$(BDS)\bin\Artwork\iOS\iPhone\FM_ApplicationIcon_120x120.png</iPhone_AppIcon120>
        <iPhone_AppIcon180>$(BDS)\bin\Artwork\iOS\iPhone\FM_ApplicationIcon_180x180.png</iPhone_AppIcon180>
        <iPad_Launch1536>$(BDS)\bin\Artwork\iOS\iPad\FM_LaunchImagePortrait_1536x2008.png</iPad_Launch1536>
        <iPad_Launch1536x2048>$(BDS)\bin\Artwork\iOS\iPad\FM_LaunchImagePortrait_1536x2048.png</iPad_Launch1536x2048>
        <iPad_Launch2048x1536>$(BDS)\bin\Artwork\iOS\iPad\FM_LaunchImageLandscape_2048x1536.png</iPad_Launch2048x1536>
        <iPhone_Launch640x1136>$(BDS)\bin\Artwork\iOS\iPhone\FM_LaunchImage_640x1136.png</iPhone_Launch640x1136>
        <iPhone_Spotlight40>$(BDS)\bin\Artwork\iOS\iPhone\FM_SpotlightSearchIcon_40x40.png</iPhone_Spotlight40>
        <iPhone_Spotlight29>$(BDS)\bin\Artwork\iOS\iPhone\FM_SpotlightSearchIcon_29x29.png</iPhone_Spotlight29>
        <iPad_AppIcon144>$(BDS)\bin\Artwork\iOS\iPad\FM_ApplicationIcon_144x144.png</iPad_AppIcon144>
        <iPad_SpotLight80>$(BDS)\bin\Artwork\iOS\iPad\FM_SpotlightSearchIcon_80x80.png</iPad_SpotLight80>
        <iPad_SpotLight40>$(BDS)\bin\Artwork\iOS\iPad\FM_SpotlightSearchIcon_40x40.png</iPad_SpotLight40>
        <iPad_SpotLight50>$(BDS)\bin\Artwork\iOS\iPad\FM_SpotlightSearchIcon_50x50.png</iPad_SpotLight50>
        <iPad_Launch768>$(BDS)\bin\Artwork\iOS\iPad\FM_LaunchImagePortrait_768x1004.png</iPad_Launch768>
        <DCC_UsePackage>DBXSqliteDriver;RestEasyObjects;vquery240;RestDatawareCORE;tethering;ACBr_NFe;ACBr_NFeDanfeESCPOS;dacfmx240;pgprovider240;FireDACDBXDriver;RESTBackendComponents;ACBr_Reinf;bindengine;CloudService;ACBr_PAF;DataSnapClient;AVPackMobile;aseprovider240;bindcompdbx;ACBr_CTeDacteRL;IndyIPServer;ACBr_CTe;IndySystem;ACBr_synapse;ACBre_Social;fmxFireDAC;ACBr_SPEDImportar;ACBr_MDFe;ACBr_LFD;FMXTee;soaprtl;DbxCommonDriver;xmlrtl;soapmidas;DataSnapNativeClient;rtl;DbxClientDriver;ACBr_Convenio115;IndyIPClient;vc2;ACBr_Boleto;DataSnapProviderClient;ACBr_SEF2;ACBr_NFSe;RESTComponents;oraprovider240;DBXInterBaseDriver;RESTDWWizards;ACBr_TEFD;ACBr_NF3e;emsclientfiredac;ACBr_SATWS;DataSnapFireDAC;ACBr_MDFeDamdfeRL;unidacfmx240;ACBr_ONE;bindcompfmx;ACBr_Diversos;FmxTeeUI;unidac240;FireDACIBDriver;fmx;ACBr_LCDPR;ACBr_Ponto;dbexpress;IndyCore;dsnap;DataSnapCommon;emsclient;FireDACCommon;fmxinfopower;ACBR_DeSTDA;soapserver;dac240;ibprovider240;dbfprovider240;ACBr_Sintegra;FireDACCommonDriver;liteprovider240;RESTDWDriverRDW;ACBr_ADRCST;ACBr_GNRE;inet;IndyIPCommon;ACBr_NFeDanfeRL;myprovider240;FireDAC;tdsprovider240;ACBr_Comum;FireDACSqliteDriver;ibmonitor;ACBr_GNREGuiaRL;ibxpress;ibxbindings;FireDACDSDriver;CustomIPTransport;bindcomp;fgx;ACBr_Serial;frce;ACBr_BlocoX;dbxcds;ACBr_NFCeECFVirtual;ACBr_ANe;dsnapxml;dbrtl;IndyProtocols;ExtrasPackXyberX;ACBr_NF3eDANF3eESCPOS;fmxase;$(DCC_UsePackage)</DCC_UsePackage>
        <iPhone_Launch2208>$(BDS)\bin\Artwork\iOS\iPhone\FM_LaunchImage_2208x1242.png</iPhone_Launch2208>
        <iPad_Launch768x1024>$(BDS)\bin\Artwork\iOS\iPad\FM_LaunchImagePortrait_768x1024.png</iPad_Launch768x1024>
        <iPad_Launch2048>$(BDS)\bin\Artwork\iOS\iPad\FM_LaunchImageLandscape_2048x1496.png</iPad_Launch2048>
        <iPad_AppIcon72>$(BDS)\bin\Artwork\iOS\iPad\FM_ApplicationIcon_72x72.png</iPad_AppIcon72>
        <iPad_Launch1024>$(BDS)\bin\Artwork\iOS\iPad\FM_LaunchImageLandscape_1024x748.png</iPad_Launch1024>
        <iPhone_Spotlight80>$(BDS)\bin\Artwork\iOS\iPhone\FM_SpotlightSearchIcon_80x80.png</iPhone_Spotlight80>
        <iPhone_Spotlight58>$(BDS)\bin\Artwork\iOS\iPhone\FM_SpotlightSearchIcon_58x58.png</iPhone_Spotlight58>
        <iPad_SpotLight100>$(BDS)\bin\Artwork\iOS\iPad\FM_SpotlightSearchIcon_100x100.png</iPad_SpotLight100>
        <VerInfo_UIDeviceFamily>iPhoneAndiPad</VerInfo_UIDeviceFamily>
        <iPad_Setting58>$(BDS)\bin\Artwork\iOS\iPad\FM_SettingIcon_58x58.png</iPad_Setting58>
        <iPad_AppIcon152>$(BDS)\bin\Artwork\iOS\iPad\FM_ApplicationIcon_152x152.png</iPad_AppIcon152>
        <VerInfo_BundleId>$(MSBuildProjectName)</VerInfo_BundleId>
        <iPhone_Launch1242>$(BDS)\bin\Artwork\iOS\iPhone\FM_LaunchImage_1242x2208.png</iPhone_Launch1242>
        <iPhone_AppIcon87>$(BDS)\bin\Artwork\iOS\iPhone\FM_ApplicationIcon_87x87.png</iPhone_AppIcon87>
        <iPhone_Launch320>$(BDS)\bin\Artwork\iOS\iPhone\FM_LaunchImage_320x480.png</iPhone_Launch320>
        <iPhone_AppIcon60>$(BDS)\bin\Artwork\iOS\iPhone\FM_ApplicationIcon_60x60.png</iPhone_AppIcon60>
        <iPad_AppIcon76>$(BDS)\bin\Artwork\iOS\iPad\FM_ApplicationIcon_76x76.png</iPad_AppIcon76>
        <iPhone_AppIcon57>$(BDS)\bin\Artwork\iOS\iPhone\FM_ApplicationIcon_57x57.png</iPhone_AppIcon57>
        <VerInfo_Keys>CFBundleName=$(MSBuildProjectName);CFBundleDevelopmentRegion=en;CFBundleDisplayName=$(MSBuildProjectName);CFBundleIdentifier=$(MSBuildProjectName);CFBundleInfoDictionaryVersion=7.1;CFBundleVersion=1.0.0.0;CFBundlePackageType=APPL;CFBundleSignature=????;LSRequiresIPhoneOS=true;CFBundleAllowMixedLocalizations=YES;CFBundleExecutable=$(MSBuildProjectName);UIDeviceFamily=iPhone &amp; iPad;CFBundleResourceSpecification=ResourceRules.plist;NSLocationAlwaysUsageDescription=The reason for accessing the location information of the user;NSLocationWhenInUseUsageDescription=The reason for accessing the location information of the user;FMLocalNotificationPermission=false;UIBackgroundModes=;NSContactsUsageDescription=The reason for accessing the contacts;NSPhotoLibraryUsageDescription=The reason for accessing the photo library;NSCameraUsageDescription=The reason for accessing the camera</VerInfo_Keys>
        <BT_BuildType>Debug</BT_BuildType>
        <iPhone_AppIcon114>$(BDS)\bin\Artwork\iOS\iPhone\FM_ApplicationIcon_114x114.png</iPhone_AppIcon114>
        <iPhone_Launch640>$(BDS)\bin\Artwork\iOS\iPhone\FM_LaunchImage_640x960.png</iPhone_Launch640>
        <iPhone_Launch750>$(BDS)\bin\Artwork\iOS\iPhone\FM_LaunchImage_750x1334.png</iPhone_Launch750>
    </PropertyGroup>
    <PropertyGroup Condition="'$(Base_iOSSimulator)'!=''">
        <iPad_Launch1024x768>$(BDS)\bin\Artwork\iOS\iPad\FM_LaunchImageLandscape_1024x768.png</iPad_Launch1024x768>
        <iPad_Setting29>$(BDS)\bin\Artwork\iOS\iPad\FM_SettingIcon_29x29.png</iPad_Setting29>
        <iPhone_AppIcon120>$(BDS)\bin\Artwork\iOS\iPhone\FM_ApplicationIcon_120x120.png</iPhone_AppIcon120>
        <iPhone_AppIcon180>$(BDS)\bin\Artwork\iOS\iPhone\FM_ApplicationIcon_180x180.png</iPhone_AppIcon180>
        <VerInfo_IncludeVerInfo>true</VerInfo_IncludeVerInfo>
        <iPad_Launch2048x1536>$(BDS)\bin\Artwork\iOS\iPad\FM_LaunchImageLandscape_2048x1536.png</iPad_Launch2048x1536>
        <iPad_Launch1536>$(BDS)\bin\Artwork\iOS\iPad\FM_LaunchImagePortrait_1536x2008.png</iPad_Launch1536>
        <iPhone_Launch640x1136>$(BDS)\bin\Artwork\iOS\iPhone\FM_LaunchImage_640x1136.png</iPhone_Launch640x1136>
        <iPhone_Spotlight40>$(BDS)\bin\Artwork\iOS\iPhone\FM_SpotlightSearchIcon_40x40.png</iPhone_Spotlight40>
        <DCC_UsePackage>DBXSqliteDriver;RestEasyObjects;vquery240;RestDatawareCORE;tethering;dacfmx240;pgprovider240;FireDACDBXDriver;RESTBackendComponents;bindengine;CloudService;DataSnapClient;aseprovider240;bindcompdbx;IndyIPServer;IndySystem;fmxFireDAC;FMXTee;soaprtl;DbxCommonDriver;xmlrtl;soapmidas;DataSnapNativeClient;rtl;DbxClientDriver;IndyIPClient;DataSnapProviderClient;RESTComponents;oraprovider240;DBXInterBaseDriver;emsclientfiredac;DataSnapFireDAC;unidacfmx240;bindcompfmx;FmxTeeUI;unidac240;FireDACIBDriver;fmx;dbexpress;IndyCore;dsnap;DataSnapCommon;emsclient;FireDACCommon;fmxinfopower;soapserver;dac240;ibprovider240;dbfprovider240;FireDACCommonDriver;liteprovider240;inet;IndyIPCommon;myprovider240;FireDAC;tdsprovider240;FireDACSqliteDriver;ibmonitor;ibxpress;ibxbindings;FireDACDSDriver;CustomIPTransport;bindcomp;dbxcds;dsnapxml;dbrtl;IndyProtocols;ExtrasPackXyberX;fmxase;$(DCC_UsePackage)</DCC_UsePackage>
        <iPad_SpotLight80>$(BDS)\bin\Artwork\iOS\iPad\FM_SpotlightSearchIcon_80x80.png</iPad_SpotLight80>
        <iPhone_Spotlight29>$(BDS)\bin\Artwork\iOS\iPhone\FM_SpotlightSearchIcon_29x29.png</iPhone_Spotlight29>
        <iPad_SpotLight40>$(BDS)\bin\Artwork\iOS\iPad\FM_SpotlightSearchIcon_40x40.png</iPad_SpotLight40>
        <iPad_SpotLight50>$(BDS)\bin\Artwork\iOS\iPad\FM_SpotlightSearchIcon_50x50.png</iPad_SpotLight50>
        <iPad_AppIcon144>$(BDS)\bin\Artwork\iOS\iPad\FM_ApplicationIcon_144x144.png</iPad_AppIcon144>
        <iPhone_Launch2208>$(BDS)\bin\Artwork\iOS\iPhone\FM_LaunchImage_2208x1242.png</iPhone_Launch2208>
        <iPad_Launch768>$(BDS)\bin\Artwork\iOS\iPad\FM_LaunchImagePortrait_768x1004.png</iPad_Launch768>
        <iPad_Launch768x1024>$(BDS)\bin\Artwork\iOS\iPad\FM_LaunchImagePortrait_768x1024.png</iPad_Launch768x1024>
        <iPad_Launch2048>$(BDS)\bin\Artwork\iOS\iPad\FM_LaunchImageLandscape_2048x1496.png</iPad_Launch2048>
        <iPhone_Spotlight80>$(BDS)\bin\Artwork\iOS\iPhone\FM_SpotlightSearchIcon_80x80.png</iPhone_Spotlight80>
        <iPad_AppIcon72>$(BDS)\bin\Artwork\iOS\iPad\FM_ApplicationIcon_72x72.png</iPad_AppIcon72>
        <iPhone_Spotlight58>$(BDS)\bin\Artwork\iOS\iPhone\FM_SpotlightSearchIcon_58x58.png</iPhone_Spotlight58>
        <iPad_SpotLight100>$(BDS)\bin\Artwork\iOS\iPad\FM_SpotlightSearchIcon_100x100.png</iPad_SpotLight100>
        <iPad_Launch1024>$(BDS)\bin\Artwork\iOS\iPad\FM_LaunchImageLandscape_1024x748.png</iPad_Launch1024>
        <VerInfo_UIDeviceFamily>iPhoneAndiPad</VerInfo_UIDeviceFamily>
        <iPad_Setting58>$(BDS)\bin\Artwork\iOS\iPad\FM_SettingIcon_58x58.png</iPad_Setting58>
        <iPhone_Launch1242>$(BDS)\bin\Artwork\iOS\iPhone\FM_LaunchImage_1242x2208.png</iPhone_Launch1242>
        <iPad_AppIcon152>$(BDS)\bin\Artwork\iOS\iPad\FM_ApplicationIcon_152x152.png</iPad_AppIcon152>
        <VerInfo_Keys>CFBundleName=$(MSBuildProjectName);CFBundleDevelopmentRegion=en;CFBundleDisplayName=$(MSBuildProjectName);CFBundleIdentifier=$(MSBuildProjectName);CFBundleInfoDictionaryVersion=7.1;CFBundleVersion=1.0.0.0;CFBundlePackageType=APPL;CFBundleSignature=????;LSRequiresIPhoneOS=true;CFBundleAllowMixedLocalizations=YES;CFBundleExecutable=$(MSBuildProjectName);UIDeviceFamily=iPhone &amp; iPad;CFBundleResourceSpecification=ResourceRules.plist;NSLocationAlwaysUsageDescription=The reason for accessing the location information of the user;NSLocationWhenInUseUsageDescription=The reason for accessing the location information of the user;FMLocalNotificationPermission=false;UIBackgroundModes=;NSContactsUsageDescription=The reason for accessing the contacts;NSPhotoLibraryUsageDescription=The reason for accessing the photo library;NSCameraUsageDescription=The reason for accessing the camera</VerInfo_Keys>
        <iPhone_AppIcon57>$(BDS)\bin\Artwork\iOS\iPhone\FM_ApplicationIcon_57x57.png</iPhone_AppIcon57>
        <iPhone_AppIcon60>$(BDS)\bin\Artwork\iOS\iPhone\FM_ApplicationIcon_60x60.png</iPhone_AppIcon60>
        <iPad_Launch1536x2048>$(BDS)\bin\Artwork\iOS\iPad\FM_LaunchImagePortrait_1536x2048.png</iPad_Launch1536x2048>
        <iPad_AppIcon76>$(BDS)\bin\Artwork\iOS\iPad\FM_ApplicationIcon_76x76.png</iPad_AppIcon76>
        <iPhone_AppIcon87>$(BDS)\bin\Artwork\iOS\iPhone\FM_ApplicationIcon_87x87.png</iPhone_AppIcon87>
        <iPhone_Launch750>$(BDS)\bin\Artwork\iOS\iPhone\FM_LaunchImage_750x1334.png</iPhone_Launch750>
        <iPhone_AppIcon114>$(BDS)\bin\Artwork\iOS\iPhone\FM_ApplicationIcon_114x114.png</iPhone_AppIcon114>
        <iPhone_Launch320>$(BDS)\bin\Artwork\iOS\iPhone\FM_LaunchImage_320x480.png</iPhone_Launch320>
        <iPhone_Launch640>$(BDS)\bin\Artwork\iOS\iPhone\FM_LaunchImage_640x960.png</iPhone_Launch640>
    </PropertyGroup>
    <PropertyGroup Condition="'$(Base_OSX32)'!=''">
        <VerInfo_IncludeVerInfo>true</VerInfo_IncludeVerInfo>
        <DCC_UsePackage>DBXSqliteDriver;vquery240;RestDatawareCORE;tethering;FireDACMSSQLDriver;dacfmx240;pgprovider240;FireDACDBXDriver;RESTBackendComponents;bindengine;CloudService;FireDACMySQLDriver;DataSnapClient;aseprovider240;bindcompdbx;IndyIPServer;IndySystem;fmxFireDAC;emshosting;FireDACTDataDriver;FMXTee;soaprtl;DbxCommonDriver;xmlrtl;soapmidas;DataSnapNativeClient;fmxobj;odbcprovider240;rtl;DbxClientDriver;DBXSybaseASADriver;IndyIPClient;FireDACODBCDriver;DataSnapIndy10ServerTransport;DataSnapProviderClient;FireDACMongoDBDriver;DataSnapServerMidas;RESTComponents;oraprovider240;DBXInterBaseDriver;emsclientfiredac;DataSnapFireDAC;unidacfmx240;bindcompfmx;DBXOracleDriver;inetdb;FmxTeeUI;emsedge;unidac240;FireDACIBDriver;fmx;fmxdae;dbexpress;IndyCore;dsnap;DataSnapCommon;emsclient;FireDACCommon;fmxinfopower;soapserver;dac240;ibprovider240;FireDACOracleDriver;DBXMySQLDriver;DBXFirebirdDriver;dbfprovider240;FireDACCommonODBC;FireDACCommonDriver;liteprovider240;inet;IndyIPCommon;myprovider240;FireDAC;tdsprovider240;FireDACSqliteDriver;FireDACPgDriver;ibmonitor;FireDACASADriver;ibxpress;DataSnapServer;ibxbindings;FireDACDSDriver;CustomIPTransport;bindcomp;DBXInformixDriver;dbxcds;dsnapxml;dbrtl;inetdbxpress;IndyProtocols;ExtrasPackXyberX;fmxase;$(DCC_UsePackage)</DCC_UsePackage>
        <BT_BuildType>Debug</BT_BuildType>
        <VerInfo_Keys>CFBundleName=$(MSBuildProjectName);CFBundleDisplayName=$(MSBuildProjectName);CFBundleIdentifier=$(MSBuildProjectName);CFBundleVersion=1.0.0;CFBundlePackageType=APPL;CFBundleSignature=????;CFBundleAllowMixedLocalizations=YES;CFBundleExecutable=$(MSBuildProjectName);NSHighResolutionCapable=true;LSApplicationCategoryType=public.app-category.utilities;NSLocationAlwaysUsageDescription=The reason for accessing the location information of the user;NSLocationWhenInUseUsageDescription=The reason for accessing the location information of the user;NSContactsUsageDescription=The reason for accessing the contacts</VerInfo_Keys>
    </PropertyGroup>
    <PropertyGroup Condition="'$(Base_Win32)'!=''">
        <DCC_UsePackage>DBXSqliteDriver;apollo9D101;RestEasyObjects;DBXDb2Driver;vquery240;TKRBarCodeSannerPkgDXEX5;RestDatawareCORE;vclactnband;vclFireDAC;fs24;tethering;UDPSuperComponents;FireDACADSDriver;ACBr_BPeDabpeESCPOS;ACBr_BPe;RaizeComponentsVclDb230;NxLayout6Run_d10;FireDACMSSQLDriver;vcltouch;ACBr_NFe;vcldb;Intraweb;svn;ACBr_NFeDanfeESCPOS;dacfmx240;pgprovider240;frx24;vclib;frxDBX24;crcontrols240;RESTDWDriverApolloDB;FireDACDBXDriver;RESTDWDriverFD;vclx;mongoprovider240;RESTDWDriverUNIDAC;PKIECtrl24;RESTBackendComponents;ACBr_Reinf;VCLRESTComponents;NxInspector6Dsgn_d10;vclie;bindengine;CloudService;ACBr_PAF;FireDACMySQLDriver;fsDB24;DataSnapClient;AVPackMobile;frxcs24;aseprovider240;db2provider240;bindcompdbx;ACBr_CTeDacteRL;ACBr_TCP;DBXSybaseASEDriver;IndyIPServer;ACBr_CTe;magentoprovider240;fsIBX24;IndySystem;ACBr_PagFor;NxDBGrid6Dsgn_d10;dsnapcon;ACBr_synapse;ACBre_Social;FireDACMSAccDriver;fmxFireDAC;FireDACInfxDriver;vclimg;ACBr_SPEDImportar;tmsexdXE9;ACBr_MDFe;emshosting;ACBr_BoletoRL;ACBr_LFD;DBXOdbcDriver;FireDACTDataDriver;FMXTee;soaprtl;DbxCommonDriver;quickbooksprovider240;NxGrid6Run_d10;ACBr_CIOT;xmlrtl;soapmidas;DataSnapNativeClient;fmxobj;odbcprovider240;rtl;DbxClientDriver;DBXSybaseASADriver;dynamicsprovider240;frxFD24;NxGrid6Dsgn_d10;SampleListViewMultiDetailAppearancePackage;ACBr_Convenio115;appanalytics;fsTee24;IndyIPClient;bindcompvcl;TeeUI;frxe24;vc2;VclSmp;FireDACODBCDriver;NxCollection6Dsgn_d10;DataSnapIndy10ServerTransport;ACBr_Boleto;DataSnapProviderClient;ACBr_SEF2;FireDACMongoDBDriver;TMSFMXPackPkgDEDXE10;ACBr_NFSe;NxCollection6Run_d10;DataSnapServerMidas;RESTComponents;oraprovider240;ZComponent;DBXInterBaseDriver;RESTDWWizards;NxStandard6Dsgn_d10;ZCore;ACBr_TEFD;ACBr_NF3e;emsclientfiredac;ACBr_SATWS;DataSnapFireDAC;svnui;DBXMSSQLDriver;freshbooksprovider240;ACBr_MDFeDamdfeRL;DatasnapConnectorsFreePascal;unidacfmx240;ACBr_EDI;ACBr_ONE;DWhtmlEditor;bindcompfmx;DBXOracleDriver;unidacvcl240;inetdb;ACBr_Diversos;frxADO24;FmxTeeUI;emsedge;unidac240;FireDACIBDriver;fmx;fmxdae;ACBr_LCDPR;ACBr_Ponto;dbexpress;IndyCore;mailchimpprovider240;ZParseSql;dsnap;DataSnapCommon;emsclient;zohoprovider240;FireDACCommon;fsADO24;fmxinfopower;salesforceprovider240;ACBr_NFSeX;DataSnapConnectors;netsuiteprovider240;ACBR_DeSTDA;soapserver;ACBr_SAT;sugarprovider240;dac240;ibprovider240;FireDACOracleDriver;DBXMySQLDriver;PKIEDB24;DBXFirebirdDriver;dbfprovider240;ACBr_Sintegra;FireDACCommonODBC;FireDACCommonDriver;liteprovider240;RESTDWDriverRDW;ACBr_ADRCST;ACBr_GNRE;inet;IndyIPCommon;vcl;tmsxlsdXE9;ACBr_NFeDanfeRL;NxInspector6Run_d10;FireDACDb2Driver;pkPessoa;ACBr_Integrador;tmswizdXE9;madExcept_;myprovider240;ZDbc;TeeDB;FireDAC;madBasic_;tdsprovider240;ACBr_Comum;RaizeComponentsVcl230;FireDACSqliteDriver;FireDACPgDriver;ibmonitor;FireDACASADriver;NxStandard6Run_d10;ACBr_GNREGuiaRL;ibxpress;Tee;dacvcl240;DataSnapServer;ibxbindings;accessprovider240;DelphiXE6_RestApi;vclwinx;FireDACDSDriver;frxIBX24;madDisAsm_;NxDBGrid6Run_d10;ACBr_OpenSSL;frxTee24;CustomIPTransport;vcldsnap;exacttargetprovider240;TMSFMXPackPkgDXE10;RESTDWDriverZEOS;bindcomp;fgx;ZPlain;DBXInformixDriver;ACBr_Serial;frce;adsprovider240;ACBr_NFSeXDanfseRL;ACBr_BlocoX;dbxcds;ACBr_NFCeECFVirtual;adortl;frxDB24;ACBr_ANe;dsnapxml;dbrtl;inetdbxpress;IndyProtocols;ExtrasPackXyberX;ACBr_NF3eDANF3eESCPOS;bigcommerceprovider240;ACBr_MTER;tmsdXE9;fmxase;$(DCC_UsePackage)</DCC_UsePackage>
        <UWP_DelphiLogo150>$(BDS)\bin\Artwork\Windows\UWP\delphi_UwpDefault_150.png</UWP_DelphiLogo150>
        <Manifest_File>$(BDS)\bin\default_app.manifest</Manifest_File>
        <VerInfo_Locale>1033</VerInfo_Locale>
        <VerInfo_IncludeVerInfo>true</VerInfo_IncludeVerInfo>
        <VerInfo_Keys>CompanyName=;FileDescription=$(MSBuildProjectName);FileVersion=1.0.0.0;InternalName=;LegalCopyright=;LegalTrademarks=;OriginalFilename=;ProgramID=com.embarcadero.$(MSBuildProjectName);ProductName=$(MSBuildProjectName);ProductVersion=1.0.0.0;Comments=</VerInfo_Keys>
        <DCC_Namespace>Winapi;System.Win;Data.Win;Datasnap.Win;Web.Win;Soap.Win;Xml.Win;Bde;$(DCC_Namespace)</DCC_Namespace>
        <UWP_DelphiLogo44>$(BDS)\bin\Artwork\Windows\UWP\delphi_UwpDefault_44.png</UWP_DelphiLogo44>
        <BT_BuildType>Debug</BT_BuildType>
    </PropertyGroup>
    <PropertyGroup Condition="'$(Base_Win64)'!=''">
        <DCC_UsePackage>DBXSqliteDriver;RestEasyObjects;DBXDb2Driver;vquery240;RestDatawareCORE;vclactnband;vclFireDAC;tethering;UDPSuperComponents;FireDACADSDriver;NxLayout6Run_d10;FireDACMSSQLDriver;vcltouch;vcldb;Intraweb;dacfmx240;pgprovider240;vclib;crcontrols240;FireDACDBXDriver;RESTDWDriverFD;vclx;mongoprovider240;RESTDWDriverUNIDAC;PKIECtrl24;RESTBackendComponents;VCLRESTComponents;vclie;bindengine;CloudService;FireDACMySQLDriver;DataSnapClient;aseprovider240;db2provider240;bindcompdbx;DBXSybaseASEDriver;IndyIPServer;magentoprovider240;IndySystem;dsnapcon;FireDACMSAccDriver;fmxFireDAC;FireDACInfxDriver;vclimg;tmsexdXE9;emshosting;DBXOdbcDriver;FireDACTDataDriver;FMXTee;soaprtl;DbxCommonDriver;quickbooksprovider240;NxGrid6Run_d10;xmlrtl;soapmidas;DataSnapNativeClient;fmxobj;odbcprovider240;rtl;DbxClientDriver;DBXSybaseASADriver;dynamicsprovider240;appanalytics;IndyIPClient;bindcompvcl;TeeUI;VclSmp;FireDACODBCDriver;DataSnapIndy10ServerTransport;DataSnapProviderClient;FireDACMongoDBDriver;NxCollection6Run_d10;DataSnapServerMidas;RESTComponents;oraprovider240;DBXInterBaseDriver;emsclientfiredac;DataSnapFireDAC;DBXMSSQLDriver;freshbooksprovider240;DatasnapConnectorsFreePascal;unidacfmx240;DWhtmlEditor;bindcompfmx;DBXOracleDriver;unidacvcl240;inetdb;FmxTeeUI;emsedge;unidac240;FireDACIBDriver;fmx;fmxdae;dbexpress;IndyCore;mailchimpprovider240;dsnap;DataSnapCommon;emsclient;zohoprovider240;FireDACCommon;fmxinfopower;salesforceprovider240;DataSnapConnectors;netsuiteprovider240;soapserver;sugarprovider240;dac240;ibprovider240;FireDACOracleDriver;DBXMySQLDriver;PKIEDB24;DBXFirebirdDriver;dbfprovider240;FireDACCommonODBC;FireDACCommonDriver;liteprovider240;inet;IndyIPCommon;vcl;NxInspector6Run_d10;FireDACDb2Driver;myprovider240;TeeDB;FireDAC;tdsprovider240;FireDACSqliteDriver;FireDACPgDriver;ibmonitor;FireDACASADriver;NxStandard6Run_d10;ibxpress;Tee;dacvcl240;DataSnapServer;ibxbindings;accessprovider240;DelphiXE6_RestApi;vclwinx;FireDACDSDriver;NxDBGrid6Run_d10;CustomIPTransport;vcldsnap;exacttargetprovider240;bindcomp;DBXInformixDriver;adsprovider240;dbxcds;adortl;dsnapxml;dbrtl;inetdbxpress;IndyProtocols;ExtrasPackXyberX;bigcommerceprovider240;tmsdXE9;fmxase;$(DCC_UsePackage)</DCC_UsePackage>
        <UWP_DelphiLogo150>$(BDS)\bin\Artwork\Windows\UWP\delphi_UwpDefault_150.png</UWP_DelphiLogo150>
        <Manifest_File>$(BDS)\bin\default_app.manifest</Manifest_File>
        <VerInfo_Locale>1033</VerInfo_Locale>
        <VerInfo_IncludeVerInfo>true</VerInfo_IncludeVerInfo>
        <VerInfo_Keys>CompanyName=;FileDescription=$(MSBuildProjectName);FileVersion=1.0.0.0;InternalName=;LegalCopyright=;LegalTrademarks=;OriginalFilename=;ProgramID=com.embarcadero.$(MSBuildProjectName);ProductName=$(MSBuildProjectName);ProductVersion=1.0.0.0;Comments=</VerInfo_Keys>
        <DCC_Namespace>Winapi;System.Win;Data.Win;Datasnap.Win;Web.Win;Soap.Win;Xml.Win;$(DCC_Namespace)</DCC_Namespace>
        <UWP_DelphiLogo44>$(BDS)\bin\Artwork\Windows\UWP\delphi_UwpDefault_44.png</UWP_DelphiLogo44>
        <BT_BuildType>Debug</BT_BuildType>
    </PropertyGroup>
    <PropertyGroup Condition="'$(Cfg_1)'!=''">
        <DCC_Define>DEBUG;$(DCC_Define)</DCC_Define>
        <DCC_DebugDCUs>true</DCC_DebugDCUs>
        <DCC_Optimize>false</DCC_Optimize>
        <DCC_GenerateStackFrames>true</DCC_GenerateStackFrames>
        <DCC_DebugInfoInExe>true</DCC_DebugInfoInExe>
        <DCC_RemoteDebug>true</DCC_RemoteDebug>
    </PropertyGroup>
    <PropertyGroup Condition="'$(Cfg_1_Win32)'!=''">
        <AppEnableHighDPI>true</AppEnableHighDPI>
        <AppEnableRuntimeThemes>true</AppEnableRuntimeThemes>
        <DCC_RemoteDebug>false</DCC_RemoteDebug>
    </PropertyGroup>
    <PropertyGroup Condition="'$(Cfg_1_Win64)'!=''">
        <AppEnableHighDPI>true</AppEnableHighDPI>
        <AppEnableRuntimeThemes>true</AppEnableRuntimeThemes>
    </PropertyGroup>
    <PropertyGroup Condition="'$(Cfg_2)'!=''">
        <DCC_LocalDebugSymbols>false</DCC_LocalDebugSymbols>
        <DCC_Define>RELEASE;$(DCC_Define)</DCC_Define>
        <DCC_SymbolReferenceInfo>0</DCC_SymbolReferenceInfo>
        <DCC_DebugInformation>0</DCC_DebugInformation>
    </PropertyGroup>
    <PropertyGroup Condition="'$(Cfg_2_Win32)'!=''">
        <AppEnableHighDPI>true</AppEnableHighDPI>
        <AppEnableRuntimeThemes>true</AppEnableRuntimeThemes>
    </PropertyGroup>
    <PropertyGroup Condition="'$(Cfg_2_Win64)'!=''">
        <AppEnableHighDPI>true</AppEnableHighDPI>
        <AppEnableRuntimeThemes>true</AppEnableRuntimeThemes>
    </PropertyGroup>
    <ItemGroup>
        <DelphiCompile Include="$(MainSource)">
            <MainSource>MainSource</MainSource>
        </DelphiCompile>
        <DCCReference Include="Unit15.pas">
            <Form>Form15</Form>
            <FormType>fmx</FormType>
        </DCCReference>
        <BuildConfiguration Include="Release">
            <Key>Cfg_2</Key>
            <CfgParent>Base</CfgParent>
        </BuildConfiguration>
        <BuildConfiguration Include="Base">
            <Key>Base</Key>
        </BuildConfiguration>
        <BuildConfiguration Include="Debug">
            <Key>Cfg_1</Key>
            <CfgParent>Base</CfgParent>
        </BuildConfiguration>
    </ItemGroup>
    <ProjectExtensions>
        <Borland.Personality>Delphi.Personality.12</Borland.Personality>
        <Borland.ProjectType>Application</Borland.ProjectType>
        <BorlandProject>
            <Delphi.Personality>
                <Source>
                    <Source Name="MainSource">MobileNotification.dpr</Source>
                </Source>
            </Delphi.Personality>
            <Deployment Version="3">
                <DeployFile LocalName="$(BDS)\Redist\osx32\libcgunwind.1.0.dylib" Class="DependencyModule">
                    <Platform Name="OSX32">
                        <Overwrite>true</Overwrite>
                    </Platform>
                </DeployFile>
                <DeployFile LocalName="$(BDS)\Redist\iossimulator\libcgunwind.1.0.dylib" Class="DependencyModule">
                    <Platform Name="iOSSimulator">
                        <Overwrite>true</Overwrite>
                    </Platform>
                </DeployFile>
                <DeployFile LocalName="$(BDS)\Redist\iossimulator\libPCRE.dylib" Class="DependencyModule">
                    <Platform Name="iOSSimulator">
                        <Overwrite>true</Overwrite>
                    </Platform>
                </DeployFile>
                <DeployFile LocalName="$(BDS)\Redist\osx32\libcgsqlite3.dylib" Class="DependencyModule">
                    <Platform Name="OSX32">
                        <Overwrite>true</Overwrite>
                    </Platform>
                </DeployFile>
                <DeployFile LocalName="Win32\Debug\MobileNotification.exe" Configuration="Debug" Class="ProjectOutput">
                    <Platform Name="Win32">
                        <RemoteName>MobileNotification.exe</RemoteName>
                        <Overwrite>true</Overwrite>
                    </Platform>
                </DeployFile>
                <DeployClass Name="DependencyModule">
                    <Platform Name="Win32">
                        <Operation>0</Operation>
                        <Extensions>.dll;.bpl</Extensions>
                    </Platform>
                    <Platform Name="iOSDevice64">
                        <Operation>1</Operation>
                        <Extensions>.dylib</Extensions>
                    </Platform>
                    <Platform Name="OSX32">
                        <RemoteDir>Contents\MacOS</RemoteDir>
                        <Operation>1</Operation>
                        <Extensions>.dylib</Extensions>
                    </Platform>
                    <Platform Name="iOSDevice32">
                        <Operation>1</Operation>
                        <Extensions>.dylib</Extensions>
                    </Platform>
                    <Platform Name="iOSSimulator">
                        <Operation>1</Operation>
                        <Extensions>.dylib</Extensions>
                    </Platform>
                </DeployClass>
                <DeployClass Name="ProjectOSXResource">
                    <Platform Name="OSX32">
                        <RemoteDir>Contents\Resources</RemoteDir>
                        <Operation>1</Operation>
                    </Platform>
                </DeployClass>
                <DeployClass Name="AndroidClassesDexFile">
                    <Platform Name="Android">
                        <RemoteDir>classes</RemoteDir>
                        <Operation>1</Operation>
                    </Platform>
                </DeployClass>
                <DeployClass Name="AdditionalDebugSymbols">
                    <Platform Name="Win32">
                        <RemoteDir>Contents\MacOS</RemoteDir>
                        <Operation>0</Operation>
                    </Platform>
                    <Platform Name="iOSSimulator">
                        <Operation>1</Operation>
                    </Platform>
                    <Platform Name="OSX32">
                        <RemoteDir>Contents\MacOS</RemoteDir>
                        <Operation>1</Operation>
                    </Platform>
                </DeployClass>
                <DeployClass Name="iPad_Launch768">
                    <Platform Name="iOSSimulator">
                        <Operation>1</Operation>
                    </Platform>
                    <Platform Name="iOSDevice64">
                        <Operation>1</Operation>
                    </Platform>
                    <Platform Name="iOSDevice32">
                        <Operation>1</Operation>
                    </Platform>
                </DeployClass>
                <DeployClass Name="Android_LauncherIcon144">
                    <Platform Name="Android">
                        <RemoteDir>res\drawable-xxhdpi</RemoteDir>
                        <Operation>1</Operation>
                    </Platform>
                </DeployClass>
                <DeployClass Name="AndroidLibnativeMipsFile">
                    <Platform Name="Android">
                        <RemoteDir>library\lib\mips</RemoteDir>
                        <Operation>1</Operation>
                    </Platform>
                </DeployClass>
                <DeployClass Required="true" Name="ProjectOutput">
                    <Platform Name="iOSDevice64">
                        <Operation>1</Operation>
                    </Platform>
                    <Platform Name="iOSDevice32">
                        <Operation>1</Operation>
                    </Platform>
                    <Platform Name="Win32">
                        <Operation>0</Operation>
                    </Platform>
                    <Platform Name="Linux64">
                        <Operation>1</Operation>
                    </Platform>
                    <Platform Name="OSX32">
                        <RemoteDir>Contents\MacOS</RemoteDir>
                        <Operation>1</Operation>
                    </Platform>
                    <Platform Name="Android">
                        <RemoteDir>library\lib\armeabi-v7a</RemoteDir>
                        <Operation>1</Operation>
                    </Platform>
                    <Platform Name="iOSSimulator">
                        <Operation>1</Operation>
                    </Platform>
                </DeployClass>
                <DeployClass Name="DependencyFramework">
                    <Platform Name="Win32">
                        <Operation>0</Operation>
                    </Platform>
                    <Platform Name="OSX32">
                        <RemoteDir>Contents\MacOS</RemoteDir>
                        <Operation>1</Operation>
                        <Extensions>.framework</Extensions>
                    </Platform>
                </DeployClass>
                <DeployClass Name="ProjectUWPManifest">
                    <Platform Name="Win32">
                        <Operation>1</Operation>
                    </Platform>
                    <Platform Name="Win64">
                        <Operation>1</Operation>
                    </Platform>
                </DeployClass>
                <DeployClass Name="iPhone_Launch640">
                    <Platform Name="iOSSimulator">
                        <Operation>1</Operation>
                    </Platform>
                    <Platform Name="iOSDevice64">
                        <Operation>1</Operation>
                    </Platform>
                    <Platform Name="iOSDevice32">
                        <Operation>1</Operation>
                    </Platform>
                </DeployClass>
                <DeployClass Name="iPad_Launch1024">
                    <Platform Name="iOSSimulator">
                        <Operation>1</Operation>
                    </Platform>
                    <Platform Name="iOSDevice64">
                        <Operation>1</Operation>
                    </Platform>
                    <Platform Name="iOSDevice32">
                        <Operation>1</Operation>
                    </Platform>
                </DeployClass>
                <DeployClass Name="ProjectiOSDeviceDebug">
                    <Platform Name="iOSDevice64">
                        <RemoteDir>..\$(PROJECTNAME).app.dSYM\Contents\Resources\DWARF</RemoteDir>
                        <Operation>1</Operation>
                    </Platform>
                    <Platform Name="iOSDevice32">
                        <RemoteDir>..\$(PROJECTNAME).app.dSYM\Contents\Resources\DWARF</RemoteDir>
                        <Operation>1</Operation>
                    </Platform>
                </DeployClass>
                <DeployClass Name="iPhone_Launch320">
                    <Platform Name="iOSSimulator">
                        <Operation>1</Operation>
                    </Platform>
                    <Platform Name="iOSDevice64">
                        <Operation>1</Operation>
                    </Platform>
                    <Platform Name="iOSDevice32">
                        <Operation>1</Operation>
                    </Platform>
                </DeployClass>
                <DeployClass Name="ProjectiOSInfoPList">
                    <Platform Name="iOSSimulator">
                        <Operation>1</Operation>
                    </Platform>
                    <Platform Name="iOSDevice64">
                        <Operation>1</Operation>
                    </Platform>
                    <Platform Name="iOSDevice32">
                        <Operation>1</Operation>
                    </Platform>
                </DeployClass>
                <DeployClass Name="AndroidLibnativeArmeabiFile">
                    <Platform Name="Android">
                        <RemoteDir>library\lib\armeabi</RemoteDir>
                        <Operation>1</Operation>
                    </Platform>
                </DeployClass>
                <DeployClass Name="DebugSymbols">
                    <Platform Name="Win32">
                        <Operation>0</Operation>
                    </Platform>
                    <Platform Name="iOSSimulator">
                        <Operation>1</Operation>
                    </Platform>
                    <Platform Name="OSX32">
                        <RemoteDir>Contents\MacOS</RemoteDir>
                        <Operation>1</Operation>
                    </Platform>
                </DeployClass>
                <DeployClass Name="iPad_Launch1536">
                    <Platform Name="iOSSimulator">
                        <Operation>1</Operation>
                    </Platform>
                    <Platform Name="iOSDevice64">
                        <Operation>1</Operation>
                    </Platform>
                    <Platform Name="iOSDevice32">
                        <Operation>1</Operation>
                    </Platform>
                </DeployClass>
                <DeployClass Name="Android_SplashImage470">
                    <Platform Name="Android">
                        <RemoteDir>res\drawable-normal</RemoteDir>
                        <Operation>1</Operation>
                    </Platform>
                </DeployClass>
                <DeployClass Name="Android_LauncherIcon96">
                    <Platform Name="Android">
                        <RemoteDir>res\drawable-xhdpi</RemoteDir>
                        <Operation>1</Operation>
                    </Platform>
                </DeployClass>
                <DeployClass Name="Android_SplashImage640">
                    <Platform Name="Android">
                        <RemoteDir>res\drawable-large</RemoteDir>
                        <Operation>1</Operation>
                    </Platform>
                </DeployClass>
                <DeployClass Name="iPhone_Launch640x1136">
                    <Platform Name="iOSSimulator">
                        <Operation>1</Operation>
                    </Platform>
                    <Platform Name="iOSDevice64">
                        <Operation>1</Operation>
                    </Platform>
                    <Platform Name="iOSDevice32">
                        <Operation>1</Operation>
                    </Platform>
                </DeployClass>
                <DeployClass Name="UWP_DelphiLogo44">
                    <Platform Name="Win32">
                        <RemoteDir>Assets</RemoteDir>
                        <Operation>1</Operation>
                    </Platform>
                    <Platform Name="Win64">
                        <RemoteDir>Assets</RemoteDir>
                        <Operation>1</Operation>
                    </Platform>
                </DeployClass>
                <DeployClass Name="ProjectiOSEntitlements">
                    <Platform Name="iOSDevice64">
                        <RemoteDir>..\</RemoteDir>
                        <Operation>1</Operation>
                    </Platform>
                    <Platform Name="iOSDevice32">
                        <RemoteDir>..\</RemoteDir>
                        <Operation>1</Operation>
                    </Platform>
                </DeployClass>
                <DeployClass Name="Android_LauncherIcon72">
                    <Platform Name="Android">
                        <RemoteDir>res\drawable-hdpi</RemoteDir>
                        <Operation>1</Operation>
                    </Platform>
                </DeployClass>
                <DeployClass Name="AndroidGDBServer">
                    <Platform Name="Android">
                        <RemoteDir>library\lib\armeabi-v7a</RemoteDir>
                        <Operation>1</Operation>
                    </Platform>
                </DeployClass>
                <DeployClass Name="ProjectOSXInfoPList">
                    <Platform Name="OSX32">
                        <RemoteDir>Contents</RemoteDir>
                        <Operation>1</Operation>
                    </Platform>
                </DeployClass>
                <DeployClass Name="ProjectOSXEntitlements">
                    <Platform Name="OSX32">
                        <RemoteDir>..\</RemoteDir>
                        <Operation>1</Operation>
                    </Platform>
                </DeployClass>
                <DeployClass Name="UWP_DelphiLogo150">
                    <Platform Name="Win32">
                        <RemoteDir>Assets</RemoteDir>
                        <Operation>1</Operation>
                    </Platform>
                    <Platform Name="Win64">
                        <RemoteDir>Assets</RemoteDir>
                        <Operation>1</Operation>
                    </Platform>
                </DeployClass>
                <DeployClass Name="iPad_Launch2048">
                    <Platform Name="iOSSimulator">
                        <Operation>1</Operation>
                    </Platform>
                    <Platform Name="iOSDevice64">
                        <Operation>1</Operation>
                    </Platform>
                    <Platform Name="iOSDevice32">
                        <Operation>1</Operation>
                    </Platform>
                </DeployClass>
                <DeployClass Name="AndroidSplashStyles">
                    <Platform Name="Android">
                        <RemoteDir>res\values</RemoteDir>
                        <Operation>1</Operation>
                    </Platform>
                </DeployClass>
                <DeployClass Name="Android_SplashImage426">
                    <Platform Name="Android">
                        <RemoteDir>res\drawable-small</RemoteDir>
                        <Operation>1</Operation>
                    </Platform>
                </DeployClass>
                <DeployClass Name="AndroidSplashImageDef">
                    <Platform Name="Android">
                        <RemoteDir>res\drawable</RemoteDir>
                        <Operation>1</Operation>
                    </Platform>
                </DeployClass>
                <DeployClass Name="ProjectiOSResource">
                    <Platform Name="iOSSimulator">
                        <Operation>1</Operation>
                    </Platform>
                    <Platform Name="iOSDevice64">
                        <Operation>1</Operation>
                    </Platform>
                    <Platform Name="iOSDevice32">
                        <Operation>1</Operation>
                    </Platform>
                </DeployClass>
                <DeployClass Name="ProjectAndroidManifest">
                    <Platform Name="Android">
                        <Operation>1</Operation>
                    </Platform>
                </DeployClass>
                <DeployClass Name="Android_DefaultAppIcon">
                    <Platform Name="Android">
                        <RemoteDir>res\drawable</RemoteDir>
                        <Operation>1</Operation>
                    </Platform>
                </DeployClass>
                <DeployClass Name="File">
                    <Platform Name="Win32">
                        <Operation>0</Operation>
                    </Platform>
                    <Platform Name="iOSDevice64">
                        <Operation>0</Operation>
                    </Platform>
                    <Platform Name="OSX32">
                        <RemoteDir>Contents\Resources\StartUp\</RemoteDir>
                        <Operation>0</Operation>
                    </Platform>
                    <Platform Name="iOSDevice32">
                        <Operation>0</Operation>
                    </Platform>
                    <Platform Name="Android">
                        <Operation>0</Operation>
                    </Platform>
                    <Platform Name="iOSSimulator">
                        <Operation>0</Operation>
                    </Platform>
                </DeployClass>
                <DeployClass Name="AndroidServiceOutput">
                    <Platform Name="Android">
                        <RemoteDir>library\lib\armeabi-v7a</RemoteDir>
                        <Operation>1</Operation>
                    </Platform>
                </DeployClass>
                <DeployClass Required="true" Name="DependencyPackage">
                    <Platform Name="Win32">
                        <Operation>0</Operation>
                        <Extensions>.bpl</Extensions>
                    </Platform>
                    <Platform Name="iOSDevice64">
                        <Operation>1</Operation>
                        <Extensions>.dylib</Extensions>
                    </Platform>
                    <Platform Name="OSX32">
                        <RemoteDir>Contents\MacOS</RemoteDir>
                        <Operation>1</Operation>
                        <Extensions>.dylib</Extensions>
                    </Platform>
                    <Platform Name="iOSDevice32">
                        <Operation>1</Operation>
                        <Extensions>.dylib</Extensions>
                    </Platform>
                    <Platform Name="iOSSimulator">
                        <Operation>1</Operation>
                        <Extensions>.dylib</Extensions>
                    </Platform>
                </DeployClass>
                <DeployClass Name="Android_LauncherIcon48">
                    <Platform Name="Android">
                        <RemoteDir>res\drawable-mdpi</RemoteDir>
                        <Operation>1</Operation>
                    </Platform>
                </DeployClass>
                <DeployClass Name="Android_SplashImage960">
                    <Platform Name="Android">
                        <RemoteDir>res\drawable-xlarge</RemoteDir>
                        <Operation>1</Operation>
                    </Platform>
                </DeployClass>
                <DeployClass Name="Android_LauncherIcon36">
                    <Platform Name="Android">
                        <RemoteDir>res\drawable-ldpi</RemoteDir>
                        <Operation>1</Operation>
                    </Platform>
                </DeployClass>
                <DeployClass Name="ProjectiOSDeviceResourceRules">
                    <Platform Name="iOSDevice64">
                        <Operation>1</Operation>
                    </Platform>
                    <Platform Name="iOSDevice32">
                        <Operation>1</Operation>
                    </Platform>
                </DeployClass>
                <ProjectRoot Platform="iOSDevice64" Name="$(PROJECTNAME).app"/>
                <ProjectRoot Platform="Win64" Name="$(PROJECTNAME)"/>
                <ProjectRoot Platform="iOSDevice32" Name="$(PROJECTNAME).app"/>
                <ProjectRoot Platform="Linux64" Name="$(PROJECTNAME)"/>
                <ProjectRoot Platform="Win32" Name="$(PROJECTNAME)"/>
                <ProjectRoot Platform="OSX32" Name="$(PROJECTNAME).app"/>
                <ProjectRoot Platform="Android" Name="$(PROJECTNAME)"/>
                <ProjectRoot Platform="iOSSimulator" Name="$(PROJECTNAME).app"/>
            </Deployment>
            <Platforms>
                <Platform value="Android">True</Platform>
                <Platform value="iOSDevice32">True</Platform>
                <Platform value="iOSDevice64">True</Platform>
                <Platform value="iOSSimulator">True</Platform>
                <Platform value="OSX32">True</Platform>
                <Platform value="Win32">True</Platform>
                <Platform value="Win64">True</Platform>
            </Platforms>
        </BorlandProject>
        <ProjectFileVersion>12</ProjectFileVersion>
    </ProjectExtensions>
    <Import Project="$(BDS)\Bin\CodeGear.Delphi.Targets" Condition="Exists('$(BDS)\Bin\CodeGear.Delphi.Targets')"/>
    <Import Project="$(APPDATA)\Embarcadero\$(BDSAPPDATABASEDIR)\$(PRODUCTVERSION)\UserTools.proj" Condition="Exists('$(APPDATA)\Embarcadero\$(BDSAPPDATABASEDIR)\$(PRODUCTVERSION)\UserTools.proj')"/>
    <Import Project="$(MSBuildProjectName).deployproj" Condition="Exists('$(MSBuildProjectName).deployproj')"/>
</Project>
