<?xml version="1.0" encoding="UTF-8"?>
<CONFIG>
  <ProjectOptions>
    <Version Value="12"/>
    <PathDelim Value="\"/>
    <General>
      <Flags>
        <AlwaysBuild Value="True"/>
      </Flags>
      <SessionStorage Value="InProjectDir"/>
      <Title Value="RESTDWInstalador"/>
      <Scaled Value="True"/>
      <ResourceType Value="res"/>
      <UseXPManifest Value="True"/>
      <XPManifest>
        <DpiAware Value="True"/>
      </XPManifest>
      <Icon Value="0"/>
      <Resources Count="13">
        <Resource_0 FileName="Assets\128-spain.png" Type="RCDATA" ResourceName="LANGSPAIN"/>
        <Resource_1 FileName="Assets\255-brazil.png" Type="RCDATA" ResourceName="LANGBRAZIL"/>
        <Resource_2 FileName="Assets\Background - Dark.png" Type="RCDATA" ResourceName="DARKBG"/>
        <Resource_3 FileName="Assets\Background - Light.png" Type="RCDATA" ResourceName="LIGHTBG"/>
        <Resource_4 FileName="Assets\Moon Symbol.png" Type="RCDATA" ResourceName="DARKICON"/>
        <Resource_5 FileName="Assets\Summer.png" Type="RCDATA" ResourceName="LIGHTICON"/>
        <Resource_6 FileName="Assets\united-states.png" Type="RCDATA" ResourceName="LANGUSA"/>
        <Resource_7 FileName="..\CORE\Images\icons\RDW_Banner.png" Type="RCDATA" ResourceName="DARKBANNER"/>
        <Resource_8 FileName="..\CORE\Images\icons\RDW_BannerLight.png" Type="RCDATA" ResourceName="LIGHTBANNER"/>
        <Resource_9 FileName="Assets\DelphiIDE.png" Type="RCDATA" ResourceName="LIGHTDELPHI"/>
        <Resource_10 FileName="Assets\DelphiIDEDARK.png" Type="RCDATA" ResourceName="DARKDELPHI"/>
        <Resource_11 FileName="Assets\LazarusIDE.png" Type="RCDATA" ResourceName="LIGHTLAZARUS"/>
        <Resource_12 FileName="Assets\LazarusIDEDARK.png" Type="RCDATA" ResourceName="DARKLAZARUS"/>
      </Resources>
    </General>
    <BuildModes>
      <Item Name="Debug" Default="True"/>
      <Item Name="Release">
        <CompilerOptions>
          <Version Value="11"/>
          <PathDelim Value="\"/>
          <Target>
            <Filename Value="RESTDWInstalador"/>
          </Target>
          <SearchPaths>
            <IncludeFiles Value="$(ProjOutDir)"/>
            <OtherUnitFiles Value="src\funcoes;src\telas;..\..\..\.."/>
            <UnitOutputDirectory Value="lib\$(TargetCPU)-$(TargetOS)"/>
          </SearchPaths>
          <CodeGeneration>
            <SmartLinkUnit Value="True"/>
            <Optimizations>
              <OptimizationLevel Value="3"/>
            </Optimizations>
          </CodeGeneration>
          <Linking>
            <Debugging>
              <GenerateDebugInfo Value="False"/>
            </Debugging>
            <LinkSmart Value="True"/>
            <Options>
              <Win32>
                <GraphicApplication Value="True"/>
              </Win32>
            </Options>
          </Linking>
        </CompilerOptions>
      </Item>
    </BuildModes>
    <PublishOptions>
      <Version Value="2"/>
      <UseFileFilters Value="True"/>
    </PublishOptions>
    <RunParams>
      <FormatVersion Value="2"/>
    </RunParams>
    <RequiredPackages>
      <Item>
        <PackageName Value="FCL"/>
      </Item>
      <Item>
        <PackageName Value="weblaz"/>
      </Item>
      <Item>
        <PackageName Value="LCL"/>
      </Item>
    </RequiredPackages>
    <Units>
      <Unit>
        <Filename Value="RESTDWInstalador.lpr"/>
        <IsPartOfProject Value="True"/>
      </Unit>
      <Unit>
        <Filename Value="src\funcoes\udetectide.pas"/>
        <IsPartOfProject Value="True"/>
      </Unit>
      <Unit>
        <Filename Value="src\funcoes\uidefunctions.pas"/>
        <IsPartOfProject Value="True"/>
      </Unit>
      <Unit>
        <Filename Value="src\funcoes\uconsts.pas"/>
        <IsPartOfProject Value="True"/>
      </Unit>
      <Unit>
        <Filename Value="src\telas\uprincipal.pas"/>
        <IsPartOfProject Value="True"/>
        <ComponentName Value="Form1"/>
        <HasResources Value="True"/>
        <ResourceBaseClass Value="Form"/>
      </Unit>
      <Unit>
        <Filename Value="src\funcoes\ulocale.pas"/>
        <IsPartOfProject Value="True"/>
      </Unit>
      <Unit>
        <Filename Value="src\funcoes\urestfunctions.pas"/>
        <IsPartOfProject Value="True"/>
      </Unit>
      <Unit>
        <Filename Value="src\funcoes\configdatabase.pas"/>
        <IsPartOfProject Value="True"/>
      </Unit>
      <Unit>
        <Filename Value="src\funcoes\imagefunctions.pas"/>
        <IsPartOfProject Value="True"/>
      </Unit>
      <Unit>
        <Filename Value="src\funcoes\lclfunctions.pas"/>
        <IsPartOfProject Value="True"/>
      </Unit>
      <Unit>
        <Filename Value="utesteanim.pas"/>
        <IsPartOfProject Value="True"/>
        <ComponentName Value="fTesteAnim"/>
        <ResourceBaseClass Value="Form"/>
      </Unit>
    </Units>
  </ProjectOptions>
  <CompilerOptions>
    <Version Value="11"/>
    <PathDelim Value="\"/>
    <Target>
      <Filename Value="RESTDWInstalador"/>
    </Target>
    <SearchPaths>
      <IncludeFiles Value="$(ProjOutDir)"/>
      <OtherUnitFiles Value="src\funcoes;src\telas;..\..\..\.."/>
      <UnitOutputDirectory Value="$(TargetCPU)-$(TargetOS)\$(TargetMode)"/>
    </SearchPaths>
    <Parsing>
      <SyntaxOptions>
        <IncludeAssertionCode Value="True"/>
      </SyntaxOptions>
    </Parsing>
    <CodeGeneration>
      <Checks>
        <IOChecks Value="True"/>
        <RangeChecks Value="True"/>
        <OverflowChecks Value="True"/>
        <StackChecks Value="True"/>
      </Checks>
      <VerifyObjMethodCallValidity Value="True"/>
    </CodeGeneration>
    <Linking>
      <Debugging>
        <DebugInfoType Value="dsDwarf3"/>
        <UseHeaptrc Value="True"/>
        <TrashVariables Value="True"/>
        <StripSymbols Value="True"/>
        <UseExternalDbgSyms Value="True"/>
      </Debugging>
      <Options>
        <Win32>
          <GraphicApplication Value="True"/>
        </Win32>
      </Options>
    </Linking>
    <Other>
      <Verbosity>
        <ShoLineNum Value="True"/>
      </Verbosity>
    </Other>
  </CompilerOptions>
  <Debugging>
    <Exceptions>
      <Item>
        <Name Value="EAbort"/>
      </Item>
      <Item>
        <Name Value="ECodetoolError"/>
      </Item>
      <Item>
        <Name Value="EFOpenError"/>
      </Item>
    </Exceptions>
  </Debugging>
</CONFIG>
