<Project xmlns="http://schemas.microsoft.com/developer/msbuild/2003">
    <PropertyGroup>
        <ProjectGuid>{CF2E5A26-FA96-4CDE-A492-5991EF879E12}</ProjectGuid>
        <MainSource>RestDatawareCORE.dpk</MainSource>
        <Base>True</Base>
        <Config Condition="'$(Config)'==''">Debug</Config>
        <TargetedPlatforms>1119</TargetedPlatforms>
        <AppType>Package</AppType>
        <FrameworkType>VCL</FrameworkType>
        <ProjectVersion>18.6</ProjectVersion>
        <Platform Condition="'$(Platform)'==''">Win32</Platform>
    </PropertyGroup>
    <PropertyGroup Condition="'$(Config)'=='Base' or '$(Base)'!=''">
        <Base>true</Base>
    </PropertyGroup>
    <PropertyGroup Condition="('$(Platform)'=='Android' and '$(Base)'=='true') or '$(Base_Android)'!=''">
        <Base_Android>true</Base_Android>
        <CfgParent>Base</CfgParent>
        <Base>true</Base>
    </PropertyGroup>
    <PropertyGroup Condition="('$(Platform)'=='iOSDevice32' and '$(Base)'=='true') or '$(Base_iOSDevice32)'!=''">
        <Base_iOSDevice32>true</Base_iOSDevice32>
        <CfgParent>Base</CfgParent>
        <Base>true</Base>
    </PropertyGroup>
    <PropertyGroup Condition="('$(Platform)'=='iOSDevice64' and '$(Base)'=='true') or '$(Base_iOSDevice64)'!=''">
        <Base_iOSDevice64>true</Base_iOSDevice64>
        <CfgParent>Base</CfgParent>
        <Base>true</Base>
    </PropertyGroup>
    <PropertyGroup Condition="('$(Platform)'=='iOSSimulator' and '$(Base)'=='true') or '$(Base_iOSSimulator)'!=''">
        <Base_iOSSimulator>true</Base_iOSSimulator>
        <CfgParent>Base</CfgParent>
        <Base>true</Base>
    </PropertyGroup>
    <PropertyGroup Condition="('$(Platform)'=='OSX32' and '$(Base)'=='true') or '$(Base_OSX32)'!=''">
        <Base_OSX32>true</Base_OSX32>
        <CfgParent>Base</CfgParent>
        <Base>true</Base>
    </PropertyGroup>
    <PropertyGroup Condition="('$(Platform)'=='Win32' and '$(Base)'=='true') or '$(Base_Win32)'!=''">
        <Base_Win32>true</Base_Win32>
        <CfgParent>Base</CfgParent>
        <Base>true</Base>
    </PropertyGroup>
    <PropertyGroup Condition="('$(Platform)'=='Win64' and '$(Base)'=='true') or '$(Base_Win64)'!=''">
        <Base_Win64>true</Base_Win64>
        <CfgParent>Base</CfgParent>
        <Base>true</Base>
    </PropertyGroup>
    <PropertyGroup Condition="'$(Config)'=='Release' or '$(Cfg_1)'!=''">
        <Cfg_1>true</Cfg_1>
        <CfgParent>Base</CfgParent>
        <Base>true</Base>
    </PropertyGroup>
    <PropertyGroup Condition="'$(Config)'=='Debug' or '$(Cfg_2)'!=''">
        <Cfg_2>true</Cfg_2>
        <CfgParent>Base</CfgParent>
        <Base>true</Base>
    </PropertyGroup>
    <PropertyGroup Condition="('$(Platform)'=='iOSDevice32' and '$(Cfg_2)'=='true') or '$(Cfg_2_iOSDevice32)'!=''">
        <Cfg_2_iOSDevice32>true</Cfg_2_iOSDevice32>
        <CfgParent>Cfg_2</CfgParent>
        <Cfg_2>true</Cfg_2>
        <Base>true</Base>
    </PropertyGroup>
    <PropertyGroup Condition="('$(Platform)'=='iOSDevice64' and '$(Cfg_2)'=='true') or '$(Cfg_2_iOSDevice64)'!=''">
        <Cfg_2_iOSDevice64>true</Cfg_2_iOSDevice64>
        <CfgParent>Cfg_2</CfgParent>
        <Cfg_2>true</Cfg_2>
        <Base>true</Base>
    </PropertyGroup>
    <PropertyGroup Condition="('$(Platform)'=='iOSSimulator' and '$(Cfg_2)'=='true') or '$(Cfg_2_iOSSimulator)'!=''">
        <Cfg_2_iOSSimulator>true</Cfg_2_iOSSimulator>
        <CfgParent>Cfg_2</CfgParent>
        <Cfg_2>true</Cfg_2>
        <Base>true</Base>
    </PropertyGroup>
    <PropertyGroup Condition="('$(Platform)'=='OSX32' and '$(Cfg_2)'=='true') or '$(Cfg_2_OSX32)'!=''">
        <Cfg_2_OSX32>true</Cfg_2_OSX32>
        <CfgParent>Cfg_2</CfgParent>
        <Cfg_2>true</Cfg_2>
        <Base>true</Base>
    </PropertyGroup>
    <PropertyGroup Condition="('$(Platform)'=='Win32' and '$(Cfg_2)'=='true') or '$(Cfg_2_Win32)'!=''">
        <Cfg_2_Win32>true</Cfg_2_Win32>
        <CfgParent>Cfg_2</CfgParent>
        <Cfg_2>true</Cfg_2>
        <Base>true</Base>
    </PropertyGroup>
    <PropertyGroup Condition="'$(Base)'!=''">
        <DCC_OutputNeverBuildDcps>true</DCC_OutputNeverBuildDcps>
        <GenPackage>true</GenPackage>
        <SanitizedProjectName>RestDatawareCORE</SanitizedProjectName>
        <DCC_K>false</DCC_K>
        <DCC_N>false</DCC_N>
        <DCC_F>false</DCC_F>
        <DCC_S>false</DCC_S>
        <DCC_Namespace>System;Xml;Data;Datasnap;Web;Soap;Posix;Winapi;Vcl;Vcl.Imaging;Vcl.Touch;Vcl.Samples;Vcl.Shell;$(DCC_Namespace)</DCC_Namespace>
        <VerInfo_Keys>CompanyName=;FileDescription=;FileVersion=1.0.0.0;InternalName=;LegalCopyright=;LegalTrademarks=;OriginalFilename=;ProductName=;ProductVersion=1.0.0.0;Comments=;CFBundleName=</VerInfo_Keys>
        <DCC_E>false</DCC_E>
        <GenDll>true</GenDll>
        <VerInfo_Locale>1046</VerInfo_Locale>
        <DCC_ImageBase>00400000</DCC_ImageBase>
    </PropertyGroup>
    <PropertyGroup Condition="'$(Base_Android)'!=''">
        <DCC_UsePackage>rtl;dbrtl;soaprtl;IndySystem;IndyProtocols;IndyCore;FireDAC;FireDACCommonDriver;FireDACCommon;dsnap;fmx;unidac240;dac240;$(DCC_UsePackage)</DCC_UsePackage>
        <EnabledSysJars>android-support-v4.dex.jar;cloud-messaging.dex.jar;fmx.dex.jar;google-analytics-v2.dex.jar;google-play-billing.dex.jar;google-play-licensing.dex.jar;google-play-services.dex.jar</EnabledSysJars>
        <BT_BuildType>Debug</BT_BuildType>
        <VerInfo_Keys>package=com.embarcadero.$(MSBuildProjectName);label=$(MSBuildProjectName);versionCode=1;versionName=1.0.0;persistent=False;restoreAnyVersion=False;installLocation=auto;largeHeap=False;theme=TitleBar;hardwareAccelerated=true;apiKey=</VerInfo_Keys>
    </PropertyGroup>
    <PropertyGroup Condition="'$(Base_iOSDevice32)'!=''">
        <VerInfo_UIDeviceFamily>iPhoneAndiPad</VerInfo_UIDeviceFamily>
        <VerInfo_Keys>CFBundleName=$(MSBuildProjectName);CFBundleDevelopmentRegion=en;CFBundleDisplayName=$(MSBuildProjectName);CFBundleIdentifier=$(MSBuildProjectName);CFBundleInfoDictionaryVersion=7.1;CFBundleVersion=1.0.0.0;CFBundlePackageType=APPL;CFBundleSignature=????;LSRequiresIPhoneOS=true;CFBundleAllowMixedLocalizations=YES;CFBundleExecutable=$(MSBuildProjectName);UIDeviceFamily=iPhone &amp; iPad;CFBundleResourceSpecification=ResourceRules.plist;NSLocationAlwaysUsageDescription=The reason for accessing the location information of the user;NSLocationWhenInUseUsageDescription=The reason for accessing the location information of the user;FMLocalNotificationPermission=false;UIBackgroundModes=;NSContactsUsageDescription=The reason for accessing the contacts;NSPhotoLibraryUsageDescription=The reason for accessing the photo library;NSCameraUsageDescription=The reason for accessing the camera;CFBundleShortVersionString=1.0.0;NSPhotoLibraryAddUsageDescription=The reason for adding to the photo library;NSFaceIDUsageDescription=The reason for accessing the face id;NSLocationAlwaysAndWhenInUseUsageDescription=The reason for accessing the location information of the user;NSMicrophoneUsageDescription=The reason for accessing the microphone;NSSiriUsageDescription=The reason for accessing Siri;ITSAppUsesNonExemptEncryption=false</VerInfo_Keys>
        <BT_BuildType>Debug</BT_BuildType>
        <VerInfo_BundleId>$(MSBuildProjectName)</VerInfo_BundleId>
        <VerInfo_IncludeVerInfo>true</VerInfo_IncludeVerInfo>
        <DCC_UsePackage>rtl;dbrtl;soaprtl;IndySystem;IndyProtocols;IndyCore;FireDAC;FireDACCommonDriver;FireDACCommon;dsnap;fmx;unidac240;dac240;$(DCC_UsePackage)</DCC_UsePackage>
    </PropertyGroup>
    <PropertyGroup Condition="'$(Base_iOSDevice64)'!=''">
        <DCC_UsePackage>rtl;dbrtl;soaprtl;IndySystem;IndyProtocols;IndyCore;FireDAC;FireDACCommonDriver;FireDACCommon;dsnap;fmx;unidac240;dac240;$(DCC_UsePackage)</DCC_UsePackage>
    </PropertyGroup>
    <PropertyGroup Condition="'$(Base_iOSSimulator)'!=''">
        <VerInfo_Keys>CFBundleName=$(MSBuildProjectName);CFBundleDevelopmentRegion=en;CFBundleDisplayName=$(MSBuildProjectName);CFBundleIdentifier=$(MSBuildProjectName);CFBundleInfoDictionaryVersion=7.1;CFBundleVersion=1.0.0.0;CFBundlePackageType=APPL;CFBundleSignature=????;LSRequiresIPhoneOS=true;CFBundleAllowMixedLocalizations=YES;CFBundleExecutable=$(MSBuildProjectName);UIDeviceFamily=iPhone &amp; iPad;CFBundleResourceSpecification=ResourceRules.plist;NSLocationAlwaysUsageDescription=The reason for accessing the location information of the user;NSLocationWhenInUseUsageDescription=The reason for accessing the location information of the user;FMLocalNotificationPermission=false;UIBackgroundModes=;NSContactsUsageDescription=The reason for accessing the contacts;NSPhotoLibraryUsageDescription=The reason for accessing the photo library;NSCameraUsageDescription=The reason for accessing the camera;CFBundleShortVersionString=1.0.0;NSPhotoLibraryAddUsageDescription=The reason for adding to the photo library;NSFaceIDUsageDescription=The reason for accessing the face id;NSLocationAlwaysAndWhenInUseUsageDescription=The reason for accessing the location information of the user;NSMicrophoneUsageDescription=The reason for accessing the microphone;NSSiriUsageDescription=The reason for accessing Siri;ITSAppUsesNonExemptEncryption=false</VerInfo_Keys>
        <VerInfo_UIDeviceFamily>iPhoneAndiPad</VerInfo_UIDeviceFamily>
        <VerInfo_IncludeVerInfo>true</VerInfo_IncludeVerInfo>
        <DCC_UsePackage>rtl;dbrtl;soaprtl;IndySystem;IndyProtocols;IndyCore;FireDAC;FireDACCommonDriver;FireDACCommon;dsnap;fmx;unidac240;dac240;$(DCC_UsePackage)</DCC_UsePackage>
    </PropertyGroup>
    <PropertyGroup Condition="'$(Base_OSX32)'!=''">
        <VerInfo_Keys>CFBundleName=$(MSBuildProjectName);CFBundleDisplayName=$(MSBuildProjectName);CFBundleIdentifier=$(MSBuildProjectName);CFBundleVersion=1.0.0;CFBundlePackageType=APPL;CFBundleSignature=????;CFBundleAllowMixedLocalizations=YES;CFBundleExecutable=$(MSBuildProjectName);NSHighResolutionCapable=true;LSApplicationCategoryType=public.app-category.utilities;NSContactsUsageDescription=The reason for accessing the contacts;NSLocationUsageDescription=The reason for accessing the location information of the user</VerInfo_Keys>
        <BT_BuildType>Debug</BT_BuildType>
        <DCC_UsePackage>rtl;dbrtl;soaprtl;IndySystem;IndyProtocols;IndyCore;FireDAC;FireDACCommonDriver;FireDACCommon;dsnap;fmx;unidac240;dac240;$(DCC_UsePackage)</DCC_UsePackage>
    </PropertyGroup>
    <PropertyGroup Condition="'$(Base_Win32)'!=''">
        <DCC_UsePackage>rtl;dbrtl;soaprtl;IndySystem;IndyProtocols;IndyCore;FireDAC;FireDACCommonDriver;FireDACCommon;dsnap;fmx;vcl;vcldb;unidac240;dac240;$(DCC_UsePackage)</DCC_UsePackage>
        <VerInfo_Locale>1033</VerInfo_Locale>
        <VerInfo_IncludeVerInfo>true</VerInfo_IncludeVerInfo>
        <DCC_Namespace>System.Win;Data.Win;Datasnap.Win;Web.Win;Soap.Win;Xml.Win;Bde;$(DCC_Namespace)</DCC_Namespace>
        <VerInfo_Keys>CompanyName=;FileDescription=$(MSBuildProjectName);FileVersion=1.0.0.0;InternalName=;LegalCopyright=;LegalTrademarks=;OriginalFilename=;ProductName=$(MSBuildProjectName);ProductVersion=1.0.0.0;Comments=;ProgramID=com.embarcadero.$(ModuleName)</VerInfo_Keys>
        <BT_BuildType>Debug</BT_BuildType>
    </PropertyGroup>
    <PropertyGroup Condition="'$(Base_Win64)'!=''">
        <VerInfo_Keys>CompanyName=;FileDescription=$(MSBuildProjectName);FileVersion=1.0.0.0;InternalName=;LegalCopyright=;LegalTrademarks=;OriginalFilename=;ProgramID=com.embarcadero.$(MSBuildProjectName);ProductName=$(MSBuildProjectName);ProductVersion=1.0.0.0;Comments=</VerInfo_Keys>
        <DCC_Namespace>System.Win;Data.Win;Datasnap.Win;Web.Win;Soap.Win;Xml.Win;$(DCC_Namespace)</DCC_Namespace>
        <VerInfo_Locale>1033</VerInfo_Locale>
        <VerInfo_IncludeVerInfo>true</VerInfo_IncludeVerInfo>
        <BT_BuildType>Debug</BT_BuildType>
        <DCC_UsePackage>rtl;dbrtl;soaprtl;IndySystem;IndyProtocols;IndyCore;FireDAC;FireDACCommonDriver;FireDACCommon;dsnap;fmx;vcl;vcldb;unidac240;dac240;$(DCC_UsePackage)</DCC_UsePackage>
    </PropertyGroup>
    <PropertyGroup Condition="'$(Cfg_1)'!=''">
        <DCC_LocalDebugSymbols>false</DCC_LocalDebugSymbols>
        <DCC_Define>RELEASE;$(DCC_Define)</DCC_Define>
        <DCC_SymbolReferenceInfo>0</DCC_SymbolReferenceInfo>
        <DCC_DebugInformation>0</DCC_DebugInformation>
    </PropertyGroup>
    <PropertyGroup Condition="'$(Cfg_2)'!=''">
        <DCC_Define>DEBUG;$(DCC_Define)</DCC_Define>
        <DCC_GenerateStackFrames>true</DCC_GenerateStackFrames>
        <DCC_Optimize>false</DCC_Optimize>
    </PropertyGroup>
    <PropertyGroup Condition="'$(Cfg_2_iOSDevice32)'!=''">
        <DCC_RemoteDebug>true</DCC_RemoteDebug>
    </PropertyGroup>
    <PropertyGroup Condition="'$(Cfg_2_iOSDevice64)'!=''">
        <BT_BuildType>Debug</BT_BuildType>
    </PropertyGroup>
    <PropertyGroup Condition="'$(Cfg_2_iOSSimulator)'!=''">
        <DCC_RemoteDebug>true</DCC_RemoteDebug>
    </PropertyGroup>
    <PropertyGroup Condition="'$(Cfg_2_OSX32)'!=''">
        <DCC_RemoteDebug>true</DCC_RemoteDebug>
    </PropertyGroup>
    <PropertyGroup Condition="'$(Cfg_2_Win32)'!=''">
        <VerInfo_Release>1</VerInfo_Release>
        <VerInfo_Locale>1033</VerInfo_Locale>
        <VerInfo_IncludeVerInfo>true</VerInfo_IncludeVerInfo>
        <VerInfo_Keys>CompanyName=XyberPower;FileDescription=$(MSBuildProjectName);FileVersion=1.3.1.2032;InternalName=;LegalCopyright=;LegalTrademarks=;OriginalFilename=;ProductName=$(MSBuildProjectName);ProductVersion=1.3.1;Comments=;ProgramID=com.embarcadero.$(MSBuildProjectName)</VerInfo_Keys>
        <VerInfo_MinorVer>3</VerInfo_MinorVer>
        <VerInfo_AutoIncVersion>true</VerInfo_AutoIncVersion>
        <VerInfo_Build>2032</VerInfo_Build>
    </PropertyGroup>
    <ItemGroup>
        <DelphiCompile Include="$(MainSource)">
            <MainSource>MainSource</MainSource>
        </DelphiCompile>
        <DCCReference Include="rtl.dcp"/>
        <DCCReference Include="designide.dcp"/>
        <DCCReference Include="dcldb.dcp"/>
        <DCCReference Include="dbrtl.dcp"/>
        <DCCReference Include="soaprtl.dcp"/>
        <DCCReference Include="IndySystem.dcp"/>
        <DCCReference Include="IndyProtocols.dcp"/>
        <DCCReference Include="IndyCore.dcp"/>
        <DCCReference Include="fmx.dcp"/>
        <DCCReference Include="vcl.dcp"/>
        <DCCReference Include="vcldb.dcp"/>
        <DCCReference Include="dsnap.dcp"/>
        <DCCReference Include="FireDAC.dcp"/>
        <DCCReference Include="FireDACCommonDriver.dcp"/>
        <DCCReference Include="FireDACCommon.dcp"/>
        <DCCReference Include="..\..\..\Source\uDWPoolerMethod.pas"/>
        <DCCReference Include="..\..\..\Source\uRESTDWBase.pas"/>
        <DCCReference Include="..\..\..\Source\uRESTDWMasterDetailData.pas"/>
        <DCCReference Include="..\..\..\Source\uRESTDWPoolerDB.pas"/>
        <DCCReference Include="..\..\..\Source\uRESTDWReg.pas"/>
        <DCCReference Include="..\..\..\Source\DmDados\uDWDatamodule.pas">
            <Form>ServerMethodDataModule</Form>
            <DesignClass>TDataModule</DesignClass>
        </DCCReference>
        <DCCReference Include="..\..\..\Source\libs\ServerUtils.pas"/>
        <DCCReference Include="..\..\..\Source\libs\SysTypes.pas"/>
        <DCCReference Include="..\..\..\Source\libs\uDWConsts.pas"/>
        <DCCReference Include="..\..\..\Source\libs\uDWConstsData.pas"/>
        <DCCReference Include="..\..\..\Source\libs\uDWJSONObject.pas"/>
        <DCCReference Include="..\..\..\Source\libs\uDWJSONTools.pas"/>
        <DCCReference Include="..\..\..\Source\libs\uzliblaz.pas"/>
        <DCCReference Include="..\..\..\Source\libs\JSON\uDWJSON.pas"/>
        <DCCReference Include="..\..\..\Source\libs\uDWMassiveBuffer.pas"/>
        <DCCReference Include="..\..\..\Source\libs\StringBuilderUnit.pas"/>
        <DCCReference Include="..\..\..\Source\uRESTDWServerEvents.pas"/>
        <DCCReference Include="..\..\..\Source\libs\JSON\uDWJSONInterface.pas"/>
        <DCCReference Include="..\..\..\Source\libs\uDWDataSync.pas"/>
        <DCCReference Include="..\..\..\Source\Memdataset\uDWDataset.pas"/>
        <DCCReference Include="..\..\..\Source\uDWSqlEditor.pas">
            <Form>FrmDWSqlEditor</Form>
        </DCCReference>
        <DCCReference Include="..\..\..\Source\uDWAbout.pas"/>
        <DCCReference Include="..\..\..\Source\uAboutForm.pas">
            <Form>frm_About</Form>
        </DCCReference>
        <DCCReference Include="..\..\..\Source\uDWResponseTranslator.pas"/>
        <DCCReference Include="..\..\..\Source\libs\uSystemEvents.pas"/>
        <DCCReference Include="..\..\..\Source\uRESTDWServerContext.pas"/>
        <DCCReference Include="..\..\..\Source\dwCGIRunner.pas"/>
        <DCCReference Include="..\..\..\Source\dwISAPIRunner.pas"/>
        <DCCReference Include="..\..\..\Source\uDWFieldSourceEditor.pas">
            <Form>fMasterDetailRelation</Form>
            <FormType>dfm</FormType>
        </DCCReference>
        <DCCReference Include="..\..\..\Source\uDWReqParamsEditor.pas">
            <Form>fParamsEditor</Form>
            <FormType>dfm</FormType>
        </DCCReference>
        <DCCReference Include="..\..\..\Source\uDWRequestDBG.pas">
            <Form>fRequestDebbug</Form>
            <FormType>dfm</FormType>
        </DCCReference>
        <DCCReference Include="..\..\..\Source\PropertyPersist.pas"/>
        <DCCReference Include="..\..\..\Source\DCP\DWDCPbase64.pas"/>
        <DCCReference Include="..\..\..\Source\DCP\DWDCPblockciphers.pas"/>
        <DCCReference Include="..\..\..\Source\DCP\DWDCPconst.pas"/>
        <DCCReference Include="..\..\..\Source\DCP\DWDCPcrypt2.pas"/>
        <DCCReference Include="..\..\..\Source\uDWJSONViewer.pas">
            <Form>fDWJSONViewer</Form>
            <FormType>dfm</FormType>
        </DCCReference>
        <DCCReference Include="..\..\..\Source\DCP\Ciphers\DWDCPcast256.pas"/>
        <DCCReference Include="..\..\..\Source\DCP\Ciphers\DWDCPrijndael.pas"/>
        <DCCReference Include="..\..\..\Source\DCP\Hashes\DWDCPsha256.pas"/>
        <DCCReference Include="..\..\..\Source\uDWUpdSqlEditor.pas">
            <Form>FrmDWUpdSqlEditor</Form>
            <FormType>dfm</FormType>
        </DCCReference>
        <DCCReference Include="..\..\..\Source\libs\uDWConstsCharset.pas"/>
        <DCCReference Include="..\..\..\Source\Memdataset\uDWExprParser.pas"/>
        <RcItem Include="..\..\..\Images\dwIcon.bmp">
            <ResourceType>BITMAP</ResourceType>
            <ResourceId>DW</ResourceId>
        </RcItem>
        <RcItem Include="..\..\..\Images\TdwCGIRunner.bmp">
            <ResourceType>BITMAP</ResourceType>
            <ResourceId>TDWCGIRunner</ResourceId>
        </RcItem>
        <RcItem Include="..\..\..\Images\TdwCGIRunner16.bmp">
            <ResourceType>BITMAP</ResourceType>
            <ResourceId>TDWCGIRunner16</ResourceId>
        </RcItem>
        <RcItem Include="..\..\..\Images\TDWClientEvents.bmp">
            <ResourceType>BITMAP</ResourceType>
            <ResourceId>TDWClientEvents</ResourceId>
        </RcItem>
        <RcItem Include="..\..\..\Images\TDWClientEvents16.bmp">
            <ResourceType>BITMAP</ResourceType>
            <ResourceId>TDWClientEvents16</ResourceId>
        </RcItem>
        <RcItem Include="..\..\..\Images\TDWClientREST.bmp">
            <ResourceType>BITMAP</ResourceType>
            <ResourceId>TDWClientREST</ResourceId>
        </RcItem>
        <RcItem Include="..\..\..\Images\TDWClientREST16.bmp">
            <ResourceType>BITMAP</ResourceType>
            <ResourceId>TDWClientREST16</ResourceId>
        </RcItem>
        <RcItem Include="..\..\..\Images\TDWContextRules.bmp">
            <ResourceType>BITMAP</ResourceType>
            <ResourceId>TDWContextRules</ResourceId>
        </RcItem>
        <RcItem Include="..\..\..\Images\TDWContextRules16.bmp">
            <ResourceType>BITMAP</ResourceType>
            <ResourceId>TDWContextRules16</ResourceId>
        </RcItem>
        <RcItem Include="..\..\..\Images\TdwISAPIRunner.bmp">
            <ResourceType>BITMAP</ResourceType>
            <ResourceId>TDWISAPIRunner</ResourceId>
        </RcItem>
        <RcItem Include="..\..\..\Images\TdwISAPIRunner16.bmp">
            <ResourceType>BITMAP</ResourceType>
            <ResourceId>TDWISAPIRunner16</ResourceId>
        </RcItem>
        <RcItem Include="..\..\..\Images\TDWMassiveCache.bmp">
            <ResourceType>BITMAP</ResourceType>
            <ResourceId>TDWMassiveCache</ResourceId>
        </RcItem>
        <RcItem Include="..\..\..\Images\TDWMassiveCache16.bmp">
            <ResourceType>BITMAP</ResourceType>
            <ResourceId>TDWMassiveCache16</ResourceId>
        </RcItem>
        <RcItem Include="..\..\..\Images\TDWMassiveSQLCache.bmp">
            <ResourceType>BITMAP</ResourceType>
            <ResourceId>TDWMassiveSQLCache</ResourceId>
        </RcItem>
        <RcItem Include="..\..\..\Images\TDWMassiveSQLCache16.bmp">
            <ResourceType>BITMAP</ResourceType>
            <ResourceId>TDWMassiveSQLCache16</ResourceId>
        </RcItem>
        <RcItem Include="..\..\..\Images\TDWMemtable.bmp">
            <ResourceType>BITMAP</ResourceType>
            <ResourceId>TDWMemtable</ResourceId>
        </RcItem>
        <RcItem Include="..\..\..\Images\TDWMemtable16.bmp">
            <ResourceType>BITMAP</ResourceType>
            <ResourceId>TDWMemtable16</ResourceId>
        </RcItem>
        <RcItem Include="..\..\..\Images\TDWResponseTranslator.bmp">
            <ResourceType>BITMAP</ResourceType>
            <ResourceId>TDWResponseTranslator</ResourceId>
        </RcItem>
        <RcItem Include="..\..\..\Images\TDWResponseTranslator16.bmp">
            <ResourceType>BITMAP</ResourceType>
            <ResourceId>TDWResponseTranslator16</ResourceId>
        </RcItem>
        <RcItem Include="..\..\..\Images\TDWServerContext.bmp">
            <ResourceType>BITMAP</ResourceType>
            <ResourceId>TDWServerContext</ResourceId>
        </RcItem>
        <RcItem Include="..\..\..\Images\TDWServerContext16.bmp">
            <ResourceType>BITMAP</ResourceType>
            <ResourceId>TDWServerContext16</ResourceId>
        </RcItem>
        <RcItem Include="..\..\..\Images\TDWServerEvents.bmp">
            <ResourceType>BITMAP</ResourceType>
            <ResourceId>TDWServerEvents</ResourceId>
        </RcItem>
        <RcItem Include="..\..\..\Images\TDWServerEvents16.bmp">
            <ResourceType>BITMAP</ResourceType>
            <ResourceId>TDWServerEvents16</ResourceId>
        </RcItem>
        <RcItem Include="..\..\..\Images\TRESTClientPooler.bmp">
            <ResourceType>BITMAP</ResourceType>
            <ResourceId>TRESTClientPooler</ResourceId>
        </RcItem>
        <RcItem Include="..\..\..\Images\TRESTClientPooler16.bmp">
            <ResourceType>BITMAP</ResourceType>
            <ResourceId>TRESTClientPooler16</ResourceId>
        </RcItem>
        <RcItem Include="..\..\..\Images\TRESTDWPoolerDB.bmp">
            <ResourceType>BITMAP</ResourceType>
            <ResourceId>TRESTDWPoolerDB</ResourceId>
        </RcItem>
        <RcItem Include="..\..\..\Images\TRESTDWPoolerDB16.bmp">
            <ResourceType>BITMAP</ResourceType>
            <ResourceId>TRESTDWPoolerDB16</ResourceId>
        </RcItem>
        <RcItem Include="..\..\..\Images\TRESTDWClientSQL.bmp">
            <ResourceType>BITMAP</ResourceType>
            <ResourceId>TRESTDWClientSQL</ResourceId>
        </RcItem>
        <RcItem Include="..\..\..\Images\TRESTDWClientSQL16.bmp">
            <ResourceType>BITMAP</ResourceType>
            <ResourceId>TRESTDWClientSQL16</ResourceId>
        </RcItem>
        <RcItem Include="..\..\..\Images\TRESTDWDataBase.bmp">
            <ResourceType>BITMAP</ResourceType>
            <ResourceId>TRESTDWDataBase</ResourceId>
        </RcItem>
        <RcItem Include="..\..\..\Images\TRESTDWDataBase16.bmp">
            <ResourceType>BITMAP</ResourceType>
            <ResourceId>TRESTDWDataBase16</ResourceId>
        </RcItem>
        <RcItem Include="..\..\..\Images\TRESTDWPoolerList.bmp">
            <ResourceType>BITMAP</ResourceType>
            <ResourceId>TRESTDWPoolerList</ResourceId>
        </RcItem>
        <RcItem Include="..\..\..\Images\TRESTDWPoolerList16.bmp">
            <ResourceType>BITMAP</ResourceType>
            <ResourceId>TRESTDWPoolerList16</ResourceId>
        </RcItem>
        <RcItem Include="..\..\..\Images\TRESTDWServiceNotification.bmp">
            <ResourceType>BITMAP</ResourceType>
            <ResourceId>TRESTDWServiceNotification</ResourceId>
        </RcItem>
        <RcItem Include="..\..\..\Images\TRESTDWServiceNotification16.bmp">
            <ResourceType>BITMAP</ResourceType>
            <ResourceId>TRESTDWServiceNotification16</ResourceId>
        </RcItem>
        <RcItem Include="..\..\..\Images\TRESTDWStoredProc.bmp">
            <ResourceType>BITMAP</ResourceType>
            <ResourceId>TRESTDWStoredProc</ResourceId>
        </RcItem>
        <RcItem Include="..\..\..\Images\TRESTDWStoredProc16.bmp">
            <ResourceType>BITMAP</ResourceType>
            <ResourceId>TRESTDWStoredProc16</ResourceId>
        </RcItem>
        <RcItem Include="..\..\..\Images\TRESTServiceCGI.bmp">
            <ResourceType>BITMAP</ResourceType>
            <ResourceId>TRESTServiceCGI</ResourceId>
        </RcItem>
        <RcItem Include="..\..\..\Images\TRESTServiceCGI16.bmp">
            <ResourceType>BITMAP</ResourceType>
            <ResourceId>TRESTServiceCGI16</ResourceId>
        </RcItem>
        <RcItem Include="..\..\..\Images\TRESTServicePooler.bmp">
            <ResourceType>BITMAP</ResourceType>
            <ResourceId>TRESTServicePooler</ResourceId>
        </RcItem>
        <RcItem Include="..\..\..\Images\TRESTServicePooler16.bmp">
            <ResourceType>BITMAP</ResourceType>
            <ResourceId>TRESTServicePooler16</ResourceId>
        </RcItem>
        <RcItem Include="..\..\..\Images\TRESTDWBatchMove.bmp">
            <ResourceType>BITMAP</ResourceType>
            <ResourceId>TRESTDWBatchMove</ResourceId>
        </RcItem>
        <RcItem Include="..\..\..\Images\TRESTDWBatchMove16.bmp">
            <ResourceType>BITMAP</ResourceType>
            <ResourceId>TRESTDWBatchMove16</ResourceId>
        </RcItem>
        <RcItem Include="..\..\..\Images\TRESTDWUpdateSQL.bmp">
            <ResourceType>BITMAP</ResourceType>
            <ResourceId>TRESTDWUpdateSQL</ResourceId>
        </RcItem>
        <RcItem Include="..\..\..\Images\TRESTDWUpdateSQL16x16.bmp">
            <ResourceType>BITMAP</ResourceType>
            <ResourceId>TRESTDWUpdateSQL16x16</ResourceId>
        </RcItem>
        <RcItem Include="..\..\..\Images\TRESTDWTable.bmp">
            <ResourceType>BITMAP</ResourceType>
            <ResourceId>TRESTDWTable</ResourceId>
        </RcItem>
        <BuildConfiguration Include="Debug">
            <Key>Cfg_2</Key>
            <CfgParent>Base</CfgParent>
        </BuildConfiguration>
        <BuildConfiguration Include="Base">
            <Key>Base</Key>
        </BuildConfiguration>
        <BuildConfiguration Include="Release">
            <Key>Cfg_1</Key>
            <CfgParent>Base</CfgParent>
        </BuildConfiguration>
    </ItemGroup>
    <ProjectExtensions>
        <Borland.Personality>Delphi.Personality.12</Borland.Personality>
        <Borland.ProjectType>Package</Borland.ProjectType>
        <BorlandProject>
            <Delphi.Personality>
                <Source>
                    <Source Name="MainSource">RestDatawareCORE.dpk</Source>
                </Source>
                <Excluded_Packages>
                    <Excluded_Packages Name="$(BDSBIN)\DataExplorerDBXPluginEnt240.bpl">DBExpress Enterprise Data Explorer Integration</Excluded_Packages>
                    <Excluded_Packages Name="$(BDSBIN)\bcboffice2k240.bpl">Embarcadero C++Builder Office 2000 Servers Package</Excluded_Packages>
                    <Excluded_Packages Name="$(BDSBIN)\bcbofficexp240.bpl">Embarcadero C++Builder Office XP Servers Package</Excluded_Packages>
                    <Excluded_Packages Name="$(BDSBIN)\dcloffice2k240.bpl">Microsoft Office 2000 Sample Automation Server Wrapper Components</Excluded_Packages>
                    <Excluded_Packages Name="$(BDSBIN)\dclofficexp240.bpl">Microsoft Office XP Sample Automation Server Wrapper Components</Excluded_Packages>
                </Excluded_Packages>
            </Delphi.Personality>
            <Platforms>
                <Platform value="Android">True</Platform>
                <Platform value="iOSDevice32">True</Platform>
                <Platform value="iOSDevice64">True</Platform>
                <Platform value="iOSSimulator">True</Platform>
                <Platform value="OSX32">True</Platform>
                <Platform value="Win32">True</Platform>
                <Platform value="Win64">True</Platform>
            </Platforms>
            <Deployment Version="3">
                <DeployFile LocalName="$(BDS)\Redist\osx32\libcgunwind.1.0.dylib" Class="DependencyModule">
                    <Platform Name="OSX32">
                        <Overwrite>true</Overwrite>
                    </Platform>
                </DeployFile>
                <DeployFile LocalName="$(BDS)\Redist\iossimulator\libcgunwind.1.0.dylib" Class="DependencyModule">
                    <Platform Name="iOSSimulator">
                        <Overwrite>true</Overwrite>
                    </Platform>
                </DeployFile>
                <DeployFile LocalName="$(BDS)\Redist\iossimulator\libPCRE.dylib" Class="DependencyModule">
                    <Platform Name="iOSSimulator">
                        <Overwrite>true</Overwrite>
                    </Platform>
                </DeployFile>
                <DeployFile LocalName="$(BDS)\Redist\osx32\libcgsqlite3.dylib" Class="DependencyModule">
                    <Platform Name="OSX32">
                        <Overwrite>true</Overwrite>
                    </Platform>
                </DeployFile>
                <DeployFile LocalName="C:\Users\Public\Documents\Embarcadero\Studio\18.0\Bpl\RestDatawareCORE.bpl" Configuration="Debug" Class="ProjectOutput">
                    <Platform Name="Win32">
                        <RemoteName>RestDatawareCORE.bpl</RemoteName>
                        <Overwrite>true</Overwrite>
                    </Platform>
                </DeployFile>
                <DeployClass Name="ProjectiOSDeviceResourceRules"/>
                <DeployClass Name="ProjectOSXDebug"/>
                <DeployClass Name="AndroidClassesDexFile">
                    <Platform Name="Android">
                        <RemoteDir>classes</RemoteDir>
                        <Operation>1</Operation>
                    </Platform>
                </DeployClass>
                <DeployClass Name="AdditionalDebugSymbols">
                    <Platform Name="Win32">
                        <RemoteDir>Contents\MacOS</RemoteDir>
                        <Operation>0</Operation>
                    </Platform>
                    <Platform Name="OSX32">
                        <Operation>1</Operation>
                    </Platform>
                </DeployClass>
                <DeployClass Name="Android_LauncherIcon144">
                    <Platform Name="Android">
                        <RemoteDir>res\drawable-xxhdpi</RemoteDir>
                        <Operation>1</Operation>
                    </Platform>
                </DeployClass>
                <DeployClass Name="AndroidLibnativeMipsFile">
                    <Platform Name="Android">
                        <RemoteDir>library\lib\mips</RemoteDir>
                        <Operation>1</Operation>
                    </Platform>
                </DeployClass>
                <DeployClass Name="iPad_Launch768">
                    <Platform Name="iOSSimulator">
                        <Operation>1</Operation>
                    </Platform>
                    <Platform Name="iOSDevice64">
                        <Operation>1</Operation>
                    </Platform>
                    <Platform Name="iOSDevice32">
                        <Operation>1</Operation>
                    </Platform>
                </DeployClass>
                <DeployClass Name="ProjectOSXResource">
                    <Platform Name="OSX32">
                        <RemoteDir>Contents\Resources</RemoteDir>
                        <Operation>1</Operation>
                    </Platform>
                </DeployClass>
                <DeployClass Required="true" Name="ProjectOutput">
                    <Platform Name="iOSDevice64">
                        <Operation>1</Operation>
                    </Platform>
                    <Platform Name="iOSDevice32">
                        <Operation>1</Operation>
                    </Platform>
                    <Platform Name="Win32">
                        <Operation>0</Operation>
                    </Platform>
                    <Platform Name="Linux64">
                        <Operation>1</Operation>
                    </Platform>
                    <Platform Name="OSX32">
                        <Operation>1</Operation>
                    </Platform>
                    <Platform Name="Android">
                        <RemoteDir>library\lib\armeabi-v7a</RemoteDir>
                        <Operation>1</Operation>
                    </Platform>
                    <Platform Name="iOSSimulator">
                        <Operation>1</Operation>
                    </Platform>
                </DeployClass>
                <DeployClass Name="DependencyFramework">
                    <Platform Name="Win32">
                        <Operation>0</Operation>
                    </Platform>
                    <Platform Name="OSX32">
                        <Operation>1</Operation>
                        <Extensions>.framework</Extensions>
                    </Platform>
                </DeployClass>
                <DeployClass Name="ProjectUWPManifest">
                    <Platform Name="Win32">
                        <Operation>1</Operation>
                    </Platform>
                    <Platform Name="Win64">
                        <Operation>1</Operation>
                    </Platform>
                </DeployClass>
                <DeployClass Name="iPhone_Launch640">
                    <Platform Name="iOSSimulator">
                        <Operation>1</Operation>
                    </Platform>
                    <Platform Name="iOSDevice64">
                        <Operation>1</Operation>
                    </Platform>
                    <Platform Name="iOSDevice32">
                        <Operation>1</Operation>
                    </Platform>
                </DeployClass>
                <DeployClass Name="iPad_Launch1024">
                    <Platform Name="iOSSimulator">
                        <Operation>1</Operation>
                    </Platform>
                    <Platform Name="iOSDevice64">
                        <Operation>1</Operation>
                    </Platform>
                    <Platform Name="iOSDevice32">
                        <Operation>1</Operation>
                    </Platform>
                </DeployClass>
                <DeployClass Name="ProjectiOSDeviceDebug">
                    <Platform Name="iOSDevice64">
                        <RemoteDir>..\$(PROJECTNAME).app.dSYM\Contents\Resources\DWARF</RemoteDir>
                        <Operation>1</Operation>
                    </Platform>
                    <Platform Name="iOSDevice32">
                        <RemoteDir>..\$(PROJECTNAME).app.dSYM\Contents\Resources\DWARF</RemoteDir>
                        <Operation>1</Operation>
                    </Platform>
                </DeployClass>
                <DeployClass Name="AndroidFileProvider">
                    <Platform Name="Android">
                        <RemoteDir>res\xml</RemoteDir>
                        <Operation>1</Operation>
                    </Platform>
                </DeployClass>
                <DeployClass Name="AndroidSplashStylesV21">
                    <Platform Name="Android">
                        <RemoteDir>res\values-v21</RemoteDir>
                        <Operation>1</Operation>
                    </Platform>
                </DeployClass>
                <DeployClass Name="AndroidLibnativeArmeabiFile">
                    <Platform Name="Android">
                        <RemoteDir>library\lib\armeabi</RemoteDir>
                        <Operation>1</Operation>
                    </Platform>
                </DeployClass>
                <DeployClass Name="iPhone_Launch320">
                    <Platform Name="iOSSimulator">
                        <Operation>1</Operation>
                    </Platform>
                    <Platform Name="iOSDevice64">
                        <Operation>1</Operation>
                    </Platform>
                    <Platform Name="iOSDevice32">
                        <Operation>1</Operation>
                    </Platform>
                </DeployClass>
                <DeployClass Name="ProjectiOSInfoPList"/>
                <DeployClass Name="DebugSymbols">
                    <Platform Name="Win32">
                        <Operation>0</Operation>
                    </Platform>
                    <Platform Name="iOSSimulator">
                        <Operation>1</Operation>
                    </Platform>
                    <Platform Name="OSX32">
                        <Operation>1</Operation>
                    </Platform>
                </DeployClass>
                <DeployClass Name="iPad_Launch1536">
                    <Platform Name="iOSSimulator">
                        <Operation>1</Operation>
                    </Platform>
                    <Platform Name="iOSDevice64">
                        <Operation>1</Operation>
                    </Platform>
                    <Platform Name="iOSDevice32">
                        <Operation>1</Operation>
                    </Platform>
                </DeployClass>
                <DeployClass Name="Android_SplashImage470">
                    <Platform Name="Android">
                        <RemoteDir>res\drawable-normal</RemoteDir>
                        <Operation>1</Operation>
                    </Platform>
                </DeployClass>
                <DeployClass Name="Android_SplashImage640">
                    <Platform Name="Android">
                        <RemoteDir>res\drawable-large</RemoteDir>
                        <Operation>1</Operation>
                    </Platform>
                </DeployClass>
                <DeployClass Name="Android_LauncherIcon96">
                    <Platform Name="Android">
                        <RemoteDir>res\drawable-xhdpi</RemoteDir>
                        <Operation>1</Operation>
                    </Platform>
                </DeployClass>
                <DeployClass Name="iPhone_Launch640x1136">
                    <Platform Name="iOSSimulator">
                        <Operation>1</Operation>
                    </Platform>
                    <Platform Name="iOSDevice64">
                        <Operation>1</Operation>
                    </Platform>
                    <Platform Name="iOSDevice32">
                        <Operation>1</Operation>
                    </Platform>
                </DeployClass>
                <DeployClass Name="UWP_DelphiLogo150">
                    <Platform Name="Win32">
                        <RemoteDir>Assets</RemoteDir>
                        <Operation>1</Operation>
                    </Platform>
                    <Platform Name="Win64">
                        <RemoteDir>Assets</RemoteDir>
                        <Operation>1</Operation>
                    </Platform>
                </DeployClass>
                <DeployClass Name="ProjectiOSEntitlements"/>
                <DeployClass Name="AndroidGDBServer">
                    <Platform Name="Android">
                        <RemoteDir>library\lib\armeabi-v7a</RemoteDir>
                        <Operation>1</Operation>
                    </Platform>
                </DeployClass>
                <DeployClass Name="Android_LauncherIcon72">
                    <Platform Name="Android">
                        <RemoteDir>res\drawable-hdpi</RemoteDir>
                        <Operation>1</Operation>
                    </Platform>
                </DeployClass>
                <DeployClass Name="ProjectOSXInfoPList"/>
                <DeployClass Name="ProjectOSXEntitlements"/>
                <DeployClass Name="UWP_DelphiLogo44">
                    <Platform Name="Win32">
                        <RemoteDir>Assets</RemoteDir>
                        <Operation>1</Operation>
                    </Platform>
                    <Platform Name="Win64">
                        <RemoteDir>Assets</RemoteDir>
                        <Operation>1</Operation>
                    </Platform>
                </DeployClass>
                <DeployClass Name="AndroidSplashStyles">
                    <Platform Name="Android">
                        <RemoteDir>res\values</RemoteDir>
                        <Operation>1</Operation>
                    </Platform>
                </DeployClass>
                <DeployClass Name="iPad_Launch2048">
                    <Platform Name="iOSSimulator">
                        <Operation>1</Operation>
                    </Platform>
                    <Platform Name="iOSDevice64">
                        <Operation>1</Operation>
                    </Platform>
                    <Platform Name="iOSDevice32">
                        <Operation>1</Operation>
                    </Platform>
                </DeployClass>
                <DeployClass Name="Android_SplashImage426">
                    <Platform Name="Android">
                        <RemoteDir>res\drawable-small</RemoteDir>
                        <Operation>1</Operation>
                    </Platform>
                </DeployClass>
                <DeployClass Name="AndroidSplashImageDef">
                    <Platform Name="Android">
                        <RemoteDir>res\drawable</RemoteDir>
                        <Operation>1</Operation>
                    </Platform>
                </DeployClass>
                <DeployClass Name="ProjectiOSResource">
                    <Platform Name="iOSSimulator">
                        <Operation>1</Operation>
                    </Platform>
                    <Platform Name="iOSDevice64">
                        <Operation>1</Operation>
                    </Platform>
                    <Platform Name="iOSDevice32">
                        <Operation>1</Operation>
                    </Platform>
                </DeployClass>
                <DeployClass Name="ProjectAndroidManifest">
                    <Platform Name="Android">
                        <Operation>1</Operation>
                    </Platform>
                </DeployClass>
                <DeployClass Name="Android_DefaultAppIcon">
                    <Platform Name="Android">
                        <RemoteDir>res\drawable</RemoteDir>
                        <Operation>1</Operation>
                    </Platform>
                </DeployClass>
                <DeployClass Name="File">
                    <Platform Name="Win32">
                        <Operation>0</Operation>
                    </Platform>
                    <Platform Name="iOSDevice64">
                        <Operation>0</Operation>
                    </Platform>
                    <Platform Name="OSX32">
                        <Operation>0</Operation>
                    </Platform>
                    <Platform Name="iOSDevice32">
                        <Operation>0</Operation>
                    </Platform>
                    <Platform Name="Android">
                        <Operation>0</Operation>
                    </Platform>
                    <Platform Name="iOSSimulator">
                        <Operation>0</Operation>
                    </Platform>
                </DeployClass>
                <DeployClass Name="AndroidServiceOutput">
                    <Platform Name="Android">
                        <RemoteDir>library\lib\armeabi-v7a</RemoteDir>
                        <Operation>1</Operation>
                    </Platform>
                </DeployClass>
                <DeployClass Name="Android_LauncherIcon48">
                    <Platform Name="Android">
                        <RemoteDir>res\drawable-mdpi</RemoteDir>
                        <Operation>1</Operation>
                    </Platform>
                </DeployClass>
                <DeployClass Required="true" Name="DependencyPackage">
                    <Platform Name="Win32">
                        <Operation>0</Operation>
                        <Extensions>.bpl</Extensions>
                    </Platform>
                    <Platform Name="iOSDevice64">
                        <Operation>1</Operation>
                        <Extensions>.dylib</Extensions>
                    </Platform>
                    <Platform Name="OSX32">
                        <Operation>1</Operation>
                        <Extensions>.dylib</Extensions>
                    </Platform>
                    <Platform Name="iOSDevice32">
                        <Operation>1</Operation>
                        <Extensions>.dylib</Extensions>
                    </Platform>
                    <Platform Name="iOSSimulator">
                        <Operation>1</Operation>
                        <Extensions>.dylib</Extensions>
                    </Platform>
                </DeployClass>
                <DeployClass Name="Android_SplashImage960">
                    <Platform Name="Android">
                        <RemoteDir>res\drawable-xlarge</RemoteDir>
                        <Operation>1</Operation>
                    </Platform>
                </DeployClass>
                <DeployClass Name="Android_LauncherIcon36">
                    <Platform Name="Android">
                        <RemoteDir>res\drawable-ldpi</RemoteDir>
                        <Operation>1</Operation>
                    </Platform>
                </DeployClass>
                <DeployClass Name="DependencyModule">
                    <Platform Name="Win32">
                        <Operation>0</Operation>
                        <Extensions>.dll;.bpl</Extensions>
                    </Platform>
                    <Platform Name="OSX32">
                        <Operation>1</Operation>
                        <Extensions>.dylib</Extensions>
                    </Platform>
                </DeployClass>
                <ProjectRoot Platform="iOSDevice64" Name="$(PROJECTNAME).app"/>
                <ProjectRoot Platform="Win64" Name="$(PROJECTNAME)"/>
                <ProjectRoot Platform="iOSDevice32" Name="$(PROJECTNAME).app"/>
                <ProjectRoot Platform="Linux64" Name="$(PROJECTNAME)"/>
                <ProjectRoot Platform="Win32" Name="$(PROJECTNAME)"/>
                <ProjectRoot Platform="OSX32" Name="$(PROJECTNAME)"/>
                <ProjectRoot Platform="Android" Name="$(PROJECTNAME)"/>
                <ProjectRoot Platform="OSX64" Name="$(PROJECTNAME)"/>
                <ProjectRoot Platform="iOSSimulator" Name="$(PROJECTNAME).app"/>
            </Deployment>
        </BorlandProject>
        <ProjectFileVersion>12</ProjectFileVersion>
    </ProjectExtensions>
    <Import Project="$(BDS)\Bin\CodeGear.Delphi.Targets" Condition="Exists('$(BDS)\Bin\CodeGear.Delphi.Targets')"/>
    <Import Project="$(APPDATA)\Embarcadero\$(BDSAPPDATABASEDIR)\$(PRODUCTVERSION)\UserTools.proj" Condition="Exists('$(APPDATA)\Embarcadero\$(BDSAPPDATABASEDIR)\$(PRODUCTVERSION)\UserTools.proj')"/>
    <Import Project="$(MSBuildProjectName).deployproj" Condition="Exists('$(MSBuildProjectName).deployproj')"/>
</Project>
